// !$*UTF8*$!
{
	archiveVersion = 1;
	classes = {
	};
	objectVersion = 48;
	objects = {

/* Begin PBXBuildFile section */
		911FAA2C4145EF671AA039A7 /* libPods-GroupSync_iosClientTests.a in Frameworks */ = {isa = PBXBuildFile; fileRef = 3F8808CDD1933E8C1626D8FC /* libPods-GroupSync_iosClientTests.a */; };
		9205CDDF1FCDB0B2008F6466 /* AppDelegate.swift in Sources */ = {isa = PBXBuildFile; fileRef = 9205CDDE1FCDB0B2008F6466 /* AppDelegate.swift */; };
		9205CDE11FCDB0B2008F6466 /* ViewController.swift in Sources */ = {isa = PBXBuildFile; fileRef = 9205CDE01FCDB0B2008F6466 /* ViewController.swift */; };
		9205CDE41FCDB0B2008F6466 /* Main.storyboard in Resources */ = {isa = PBXBuildFile; fileRef = 9205CDE21FCDB0B2008F6466 /* Main.storyboard */; };
		9205CDE61FCDB0B2008F6466 /* Assets.xcassets in Resources */ = {isa = PBXBuildFile; fileRef = 9205CDE51FCDB0B2008F6466 /* Assets.xcassets */; };
		9205CDE91FCDB0B2008F6466 /* LaunchScreen.storyboard in Resources */ = {isa = PBXBuildFile; fileRef = 9205CDE71FCDB0B2008F6466 /* LaunchScreen.storyboard */; };
		9205CDF41FCDB0B2008F6466 /* GroupSync_iosClientTests.swift in Sources */ = {isa = PBXBuildFile; fileRef = 9205CDF31FCDB0B2008F6466 /* GroupSync_iosClientTests.swift */; };
		9205CDFF1FCDB0B2008F6466 /* GroupSync_iosClientUITests.swift in Sources */ = {isa = PBXBuildFile; fileRef = 9205CDFE1FCDB0B2008F6466 /* GroupSync_iosClientUITests.swift */; };
		920CD5EA1FCDC7BE00349451 /* LoginView.swift in Sources */ = {isa = PBXBuildFile; fileRef = 920CD5E91FCDC7BE00349451 /* LoginView.swift */; };
		921BEE9A1FCE0A1F00EE9A78 /* SignUpView.swift in Sources */ = {isa = PBXBuildFile; fileRef = 921BEE991FCE0A1F00EE9A78 /* SignUpView.swift */; };
		921C4FDE1FD8AC3D00C8A79C /* PopUpSettings.swift in Sources */ = {isa = PBXBuildFile; fileRef = 921C4FDD1FD8AC3D00C8A79C /* PopUpSettings.swift */; };
		9229EA1A202F67A5001FC6A7 /* MapViewController.swift in Sources */ = {isa = PBXBuildFile; fileRef = 9229EA19202F67A5001FC6A7 /* MapViewController.swift */; };
		922C9A232022202100539837 /* AlertModel.swift in Sources */ = {isa = PBXBuildFile; fileRef = 922C9A222022202100539837 /* AlertModel.swift */; };
		922C9A2520222BF000539837 /* ActiveTimeModel.swift in Sources */ = {isa = PBXBuildFile; fileRef = 922C9A2420222BF000539837 /* ActiveTimeModel.swift */; };
		92541ACD203091B900ED873E /* UCD_ComputerScience.gpx in Resources */ = {isa = PBXBuildFile; fileRef = 92541ACC203091B900ED873E /* UCD_ComputerScience.gpx */; };
		92627D9120445BC7006F4AC7 /* GroupSettingsViewController.swift in Sources */ = {isa = PBXBuildFile; fileRef = 92627D9020445BC6006F4AC7 /* GroupSettingsViewController.swift */; };
		92627D9420445C3D006F4AC7 /* UsersCollectionViewCell.swift in Sources */ = {isa = PBXBuildFile; fileRef = 92627D9320445C3D006F4AC7 /* UsersCollectionViewCell.swift */; };
		92B1A00D1FD5BA9A0009E316 /* HomeView.swift in Sources */ = {isa = PBXBuildFile; fileRef = 92B1A00C1FD5BA9A0009E316 /* HomeView.swift */; };
		92B1A0111FD5C38B0009E316 /* ProfileViewController.swift in Sources */ = {isa = PBXBuildFile; fileRef = 92B1A0101FD5C38B0009E316 /* ProfileViewController.swift */; };
		92B1A01C1FD70A7D0009E316 /* SettingsViewController.swift in Sources */ = {isa = PBXBuildFile; fileRef = 92B1A01B1FD70A7D0009E316 /* SettingsViewController.swift */; };
		92CC0CE5203F727B00D9ED46 /* GetGroupUsers.swift in Sources */ = {isa = PBXBuildFile; fileRef = 92CC0CE4203F727A00D9ED46 /* GetGroupUsers.swift */; };
		92D185AF203343E7005D209E /* MapViewModel.swift in Sources */ = {isa = PBXBuildFile; fileRef = 92D185AE203343E7005D209E /* MapViewModel.swift */; };
		92D185B120334416005D209E /* SendLocation.swift in Sources */ = {isa = PBXBuildFile; fileRef = 92D185B020334416005D209E /* SendLocation.swift */; };
		92D185B320348A06005D209E /* GetUsers.swift in Sources */ = {isa = PBXBuildFile; fileRef = 92D185B220348A05005D209E /* GetUsers.swift */; };
		92D19E31201E3D6F00BB24EA /* GroupViewController.swift in Sources */ = {isa = PBXBuildFile; fileRef = 92D19E30201E3D6F00BB24EA /* GroupViewController.swift */; };
		92D19E33201E43D800BB24EA /* GroupCollectionViewCell.swift in Sources */ = {isa = PBXBuildFile; fileRef = 92D19E32201E43D800BB24EA /* GroupCollectionViewCell.swift */; };
		92D19E372020F62B00BB24EA /* CreateGroupViewController.swift in Sources */ = {isa = PBXBuildFile; fileRef = 92D19E362020F62B00BB24EA /* CreateGroupViewController.swift */; };
		92D19E392020F63C00BB24EA /* CreateGroupModel.swift in Sources */ = {isa = PBXBuildFile; fileRef = 92D19E382020F63C00BB24EA /* CreateGroupModel.swift */; };
		92E8D896201BBAC2004A4F94 /* KeyChain.swift in Sources */ = {isa = PBXBuildFile; fileRef = 92E8D895201BBAC2004A4F94 /* KeyChain.swift */; };
		92EAA6ED204489EE0097AFA3 /* GroupSettingsModel.swift in Sources */ = {isa = PBXBuildFile; fileRef = 92EAA6EC204489EE0097AFA3 /* GroupSettingsModel.swift */; };
		92F75C4D200FD85500116C55 /* awsconfiguration.json in Resources */ = {isa = PBXBuildFile; fileRef = 92F75C4C200FD85500116C55 /* awsconfiguration.json */; };
		C458A27A926081328E721425 /* libPods-GroupSync_iosClientUITests.a in Frameworks */ = {isa = PBXBuildFile; fileRef = 416304B911168C2B28F7CD5A /* libPods-GroupSync_iosClientUITests.a */; };
		EEDAC6C3363163302A955F91 /* Pods_GroupSync_iosClient.framework in Frameworks */ = {isa = PBXBuildFile; fileRef = CE3581E68C3EE773EDA7BCA7 /* Pods_GroupSync_iosClient.framework */; };
/* End PBXBuildFile section */

/* Begin PBXContainerItemProxy section */
		9205CDF01FCDB0B2008F6466 /* PBXContainerItemProxy */ = {
			isa = PBXContainerItemProxy;
			containerPortal = 9205CDD31FCDB0B2008F6466 /* Project object */;
			proxyType = 1;
			remoteGlobalIDString = 9205CDDA1FCDB0B2008F6466;
			remoteInfo = GroupSync_iosClient;
		};
		9205CDFB1FCDB0B2008F6466 /* PBXContainerItemProxy */ = {
			isa = PBXContainerItemProxy;
			containerPortal = 9205CDD31FCDB0B2008F6466 /* Project object */;
			proxyType = 1;
			remoteGlobalIDString = 9205CDDA1FCDB0B2008F6466;
			remoteInfo = GroupSync_iosClient;
		};
/* End PBXContainerItemProxy section */

/* Begin PBXFileReference section */
		00EB833F1458163D4444B72B /* Pods-GroupSync_iosClient.release.xcconfig */ = {isa = PBXFileReference; includeInIndex = 1; lastKnownFileType = text.xcconfig; name = "Pods-GroupSync_iosClient.release.xcconfig"; path = "Pods/Target Support Files/Pods-GroupSync_iosClient/Pods-GroupSync_iosClient.release.xcconfig"; sourceTree = "<group>"; };
		36D7D8D1D70DE2775D0C1969 /* Pods-GroupSync_iosClientUITests.debug.xcconfig */ = {isa = PBXFileReference; includeInIndex = 1; lastKnownFileType = text.xcconfig; name = "Pods-GroupSync_iosClientUITests.debug.xcconfig"; path = "Pods/Target Support Files/Pods-GroupSync_iosClientUITests/Pods-GroupSync_iosClientUITests.debug.xcconfig"; sourceTree = "<group>"; };
		3D61BA4E0C7E3E7D935EF58B /* Pods-GroupSync_iosClient.debug.xcconfig */ = {isa = PBXFileReference; includeInIndex = 1; lastKnownFileType = text.xcconfig; name = "Pods-GroupSync_iosClient.debug.xcconfig"; path = "Pods/Target Support Files/Pods-GroupSync_iosClient/Pods-GroupSync_iosClient.debug.xcconfig"; sourceTree = "<group>"; };
		3F8808CDD1933E8C1626D8FC /* libPods-GroupSync_iosClientTests.a */ = {isa = PBXFileReference; explicitFileType = archive.ar; includeInIndex = 0; path = "libPods-GroupSync_iosClientTests.a"; sourceTree = BUILT_PRODUCTS_DIR; };
		416304B911168C2B28F7CD5A /* libPods-GroupSync_iosClientUITests.a */ = {isa = PBXFileReference; explicitFileType = archive.ar; includeInIndex = 0; path = "libPods-GroupSync_iosClientUITests.a"; sourceTree = BUILT_PRODUCTS_DIR; };
		4403AC67F38F5B532FB74AD4 /* Pods-GroupSync_iosClientUITests.release.xcconfig */ = {isa = PBXFileReference; includeInIndex = 1; lastKnownFileType = text.xcconfig; name = "Pods-GroupSync_iosClientUITests.release.xcconfig"; path = "Pods/Target Support Files/Pods-GroupSync_iosClientUITests/Pods-GroupSync_iosClientUITests.release.xcconfig"; sourceTree = "<group>"; };
		45EF740B97C610FC426FF6D9 /* Pods-GroupSync_iosClientTests.debug.xcconfig */ = {isa = PBXFileReference; includeInIndex = 1; lastKnownFileType = text.xcconfig; name = "Pods-GroupSync_iosClientTests.debug.xcconfig"; path = "Pods/Target Support Files/Pods-GroupSync_iosClientTests/Pods-GroupSync_iosClientTests.debug.xcconfig"; sourceTree = "<group>"; };
		9205CDDB1FCDB0B2008F6466 /* GroupSync_iosClient.app */ = {isa = PBXFileReference; explicitFileType = wrapper.application; includeInIndex = 0; path = GroupSync_iosClient.app; sourceTree = BUILT_PRODUCTS_DIR; };
		9205CDDE1FCDB0B2008F6466 /* AppDelegate.swift */ = {isa = PBXFileReference; lastKnownFileType = sourcecode.swift; path = AppDelegate.swift; sourceTree = "<group>"; };
		9205CDE01FCDB0B2008F6466 /* ViewController.swift */ = {isa = PBXFileReference; lastKnownFileType = sourcecode.swift; path = ViewController.swift; sourceTree = "<group>"; };
		9205CDE31FCDB0B2008F6466 /* Base */ = {isa = PBXFileReference; lastKnownFileType = file.storyboard; name = Base; path = Base.lproj/Main.storyboard; sourceTree = "<group>"; };
		9205CDE51FCDB0B2008F6466 /* Assets.xcassets */ = {isa = PBXFileReference; lastKnownFileType = folder.assetcatalog; path = Assets.xcassets; sourceTree = "<group>"; };
		9205CDE81FCDB0B2008F6466 /* Base */ = {isa = PBXFileReference; lastKnownFileType = file.storyboard; name = Base; path = Base.lproj/LaunchScreen.storyboard; sourceTree = "<group>"; };
		9205CDEA1FCDB0B2008F6466 /* Info.plist */ = {isa = PBXFileReference; lastKnownFileType = text.plist.xml; path = Info.plist; sourceTree = "<group>"; };
		9205CDEF1FCDB0B2008F6466 /* GroupSync_iosClientTests.xctest */ = {isa = PBXFileReference; explicitFileType = wrapper.cfbundle; includeInIndex = 0; path = GroupSync_iosClientTests.xctest; sourceTree = BUILT_PRODUCTS_DIR; };
		9205CDF31FCDB0B2008F6466 /* GroupSync_iosClientTests.swift */ = {isa = PBXFileReference; lastKnownFileType = sourcecode.swift; path = GroupSync_iosClientTests.swift; sourceTree = "<group>"; };
		9205CDF51FCDB0B2008F6466 /* Info.plist */ = {isa = PBXFileReference; lastKnownFileType = text.plist.xml; path = Info.plist; sourceTree = "<group>"; };
		9205CDFA1FCDB0B2008F6466 /* GroupSync_iosClientUITests.xctest */ = {isa = PBXFileReference; explicitFileType = wrapper.cfbundle; includeInIndex = 0; path = GroupSync_iosClientUITests.xctest; sourceTree = BUILT_PRODUCTS_DIR; };
		9205CDFE1FCDB0B2008F6466 /* GroupSync_iosClientUITests.swift */ = {isa = PBXFileReference; lastKnownFileType = sourcecode.swift; path = GroupSync_iosClientUITests.swift; sourceTree = "<group>"; };
		9205CE001FCDB0B2008F6466 /* Info.plist */ = {isa = PBXFileReference; lastKnownFileType = text.plist.xml; path = Info.plist; sourceTree = "<group>"; };
		9205CE0C1FCDB15C008F6466 /* Screen Shot 2017-11-28 at 14.46.47.png */ = {isa = PBXFileReference; lastKnownFileType = image.png; name = "Screen Shot 2017-11-28 at 14.46.47.png"; path = "../../../../Users/Ember/Documents/Screenshots/Screen Shot 2017-11-28 at 14.46.47.png"; sourceTree = "<group>"; };
		920CD5E91FCDC7BE00349451 /* LoginView.swift */ = {isa = PBXFileReference; lastKnownFileType = sourcecode.swift; path = LoginView.swift; sourceTree = "<group>"; };
		921BEE991FCE0A1F00EE9A78 /* SignUpView.swift */ = {isa = PBXFileReference; lastKnownFileType = sourcecode.swift; path = SignUpView.swift; sourceTree = "<group>"; };
		921C4FDD1FD8AC3D00C8A79C /* PopUpSettings.swift */ = {isa = PBXFileReference; lastKnownFileType = sourcecode.swift; path = PopUpSettings.swift; sourceTree = "<group>"; };
		921DCE02200FA91100C01260 /* GroupSync_iosClient-Bridging-Header.h */ = {isa = PBXFileReference; lastKnownFileType = sourcecode.c.h; path = "GroupSync_iosClient-Bridging-Header.h"; sourceTree = "<group>"; };
		9229EA19202F67A5001FC6A7 /* MapViewController.swift */ = {isa = PBXFileReference; lastKnownFileType = sourcecode.swift; path = MapViewController.swift; sourceTree = "<group>"; };
		922C9A222022202100539837 /* AlertModel.swift */ = {isa = PBXFileReference; lastKnownFileType = sourcecode.swift; path = AlertModel.swift; sourceTree = "<group>"; };
		922C9A2420222BF000539837 /* ActiveTimeModel.swift */ = {isa = PBXFileReference; lastKnownFileType = sourcecode.swift; path = ActiveTimeModel.swift; sourceTree = "<group>"; };
		92541ACC203091B900ED873E /* UCD_ComputerScience.gpx */ = {isa = PBXFileReference; fileEncoding = 4; lastKnownFileType = text.xml; name = UCD_ComputerScience.gpx; path = ../UCD_ComputerScience.gpx; sourceTree = "<group>"; };
		92627D9020445BC6006F4AC7 /* GroupSettingsViewController.swift */ = {isa = PBXFileReference; lastKnownFileType = sourcecode.swift; path = GroupSettingsViewController.swift; sourceTree = "<group>"; };
		92627D9320445C3D006F4AC7 /* UsersCollectionViewCell.swift */ = {isa = PBXFileReference; lastKnownFileType = sourcecode.swift; path = UsersCollectionViewCell.swift; sourceTree = "<group>"; };
		92B1A00C1FD5BA9A0009E316 /* HomeView.swift */ = {isa = PBXFileReference; lastKnownFileType = sourcecode.swift; path = HomeView.swift; sourceTree = "<group>"; };
		92B1A0101FD5C38B0009E316 /* ProfileViewController.swift */ = {isa = PBXFileReference; lastKnownFileType = sourcecode.swift; path = ProfileViewController.swift; sourceTree = "<group>"; };
		92B1A01B1FD70A7D0009E316 /* SettingsViewController.swift */ = {isa = PBXFileReference; lastKnownFileType = sourcecode.swift; path = SettingsViewController.swift; sourceTree = "<group>"; };
		92CC0CE4203F727A00D9ED46 /* GetGroupUsers.swift */ = {isa = PBXFileReference; lastKnownFileType = sourcecode.swift; path = GetGroupUsers.swift; sourceTree = "<group>"; };
		92D185AE203343E7005D209E /* MapViewModel.swift */ = {isa = PBXFileReference; lastKnownFileType = sourcecode.swift; path = MapViewModel.swift; sourceTree = "<group>"; };
		92D185B020334416005D209E /* SendLocation.swift */ = {isa = PBXFileReference; lastKnownFileType = sourcecode.swift; name = SendLocation.swift; path = GroupSync_iosClient/SendLocation.swift; sourceTree = SOURCE_ROOT; };
		92D185B220348A05005D209E /* GetUsers.swift */ = {isa = PBXFileReference; lastKnownFileType = sourcecode.swift; path = GetUsers.swift; sourceTree = "<group>"; };
		92D19E30201E3D6F00BB24EA /* GroupViewController.swift */ = {isa = PBXFileReference; lastKnownFileType = sourcecode.swift; name = GroupViewController.swift; path = "/College/Year4/FYP/GroupSync_iosClient/GroupSync_iosClient/New Group/GroupViewController.swift"; sourceTree = "<absolute>"; };
		92D19E32201E43D800BB24EA /* GroupCollectionViewCell.swift */ = {isa = PBXFileReference; lastKnownFileType = sourcecode.swift; path = GroupCollectionViewCell.swift; sourceTree = "<group>"; };
		92D19E362020F62B00BB24EA /* CreateGroupViewController.swift */ = {isa = PBXFileReference; lastKnownFileType = sourcecode.swift; path = CreateGroupViewController.swift; sourceTree = "<group>"; };
		92D19E382020F63C00BB24EA /* CreateGroupModel.swift */ = {isa = PBXFileReference; lastKnownFileType = sourcecode.swift; path = CreateGroupModel.swift; sourceTree = "<group>"; };
		92E8D895201BBAC2004A4F94 /* KeyChain.swift */ = {isa = PBXFileReference; lastKnownFileType = sourcecode.swift; path = KeyChain.swift; sourceTree = "<group>"; };
		92EAA6EC204489EE0097AFA3 /* GroupSettingsModel.swift */ = {isa = PBXFileReference; lastKnownFileType = sourcecode.swift; path = GroupSettingsModel.swift; sourceTree = "<group>"; };
		92F75C4C200FD85500116C55 /* awsconfiguration.json */ = {isa = PBXFileReference; fileEncoding = 4; lastKnownFileType = text.json; path = awsconfiguration.json; sourceTree = "<group>"; };
		A1C30FD2489825012CE68503 /* Pods-GroupSync_iosClientTests.release.xcconfig */ = {isa = PBXFileReference; includeInIndex = 1; lastKnownFileType = text.xcconfig; name = "Pods-GroupSync_iosClientTests.release.xcconfig"; path = "Pods/Target Support Files/Pods-GroupSync_iosClientTests/Pods-GroupSync_iosClientTests.release.xcconfig"; sourceTree = "<group>"; };
		CE3581E68C3EE773EDA7BCA7 /* Pods_GroupSync_iosClient.framework */ = {isa = PBXFileReference; explicitFileType = wrapper.framework; includeInIndex = 0; path = Pods_GroupSync_iosClient.framework; sourceTree = BUILT_PRODUCTS_DIR; };
/* End PBXFileReference section */

/* Begin PBXFrameworksBuildPhase section */
		9205CDD81FCDB0B2008F6466 /* Frameworks */ = {
			isa = PBXFrameworksBuildPhase;
			buildActionMask = 2147483647;
			files = (
				EEDAC6C3363163302A955F91 /* Pods_GroupSync_iosClient.framework in Frameworks */,
			);
			runOnlyForDeploymentPostprocessing = 0;
		};
		9205CDEC1FCDB0B2008F6466 /* Frameworks */ = {
			isa = PBXFrameworksBuildPhase;
			buildActionMask = 2147483647;
			files = (
				911FAA2C4145EF671AA039A7 /* libPods-GroupSync_iosClientTests.a in Frameworks */,
			);
			runOnlyForDeploymentPostprocessing = 0;
		};
		9205CDF71FCDB0B2008F6466 /* Frameworks */ = {
			isa = PBXFrameworksBuildPhase;
			buildActionMask = 2147483647;
			files = (
				C458A27A926081328E721425 /* libPods-GroupSync_iosClientUITests.a in Frameworks */,
			);
			runOnlyForDeploymentPostprocessing = 0;
		};
/* End PBXFrameworksBuildPhase section */

/* Begin PBXGroup section */
		9205CDD21FCDB0B2008F6466 = {
			isa = PBXGroup;
			children = (
				92541ACC203091B900ED873E /* UCD_ComputerScience.gpx */,
				9205CDDD1FCDB0B2008F6466 /* GroupSync_iosClient */,
				9205CDF21FCDB0B2008F6466 /* GroupSync_iosClientTests */,
				9205CDFD1FCDB0B2008F6466 /* GroupSync_iosClientUITests */,
				9205CDDC1FCDB0B2008F6466 /* Products */,
				9205CE0C1FCDB15C008F6466 /* Screen Shot 2017-11-28 at 14.46.47.png */,
				97A9C0F8843C00EAB4B2B213 /* Pods */,
				99863E6A08577A42EF21DC0C /* Frameworks */,
			);
			sourceTree = "<group>";
		};
		9205CDDC1FCDB0B2008F6466 /* Products */ = {
			isa = PBXGroup;
			children = (
				9205CDDB1FCDB0B2008F6466 /* GroupSync_iosClient.app */,
				9205CDEF1FCDB0B2008F6466 /* GroupSync_iosClientTests.xctest */,
				9205CDFA1FCDB0B2008F6466 /* GroupSync_iosClientUITests.xctest */,
			);
			name = Products;
			sourceTree = "<group>";
		};
		9205CDDD1FCDB0B2008F6466 /* GroupSync_iosClient */ = {
			isa = PBXGroup;
			children = (
				92D185AC203342E0005D209E /* Groups */,
				922C9A2420222BF000539837 /* ActiveTimeModel.swift */,
				92F75C4C200FD85500116C55 /* awsconfiguration.json */,
				92B1A01B1FD70A7D0009E316 /* SettingsViewController.swift */,
				92B1A00C1FD5BA9A0009E316 /* HomeView.swift */,
				921BEE991FCE0A1F00EE9A78 /* SignUpView.swift */,
				9205CDDE1FCDB0B2008F6466 /* AppDelegate.swift */,
				9205CDE01FCDB0B2008F6466 /* ViewController.swift */,
				9205CDE21FCDB0B2008F6466 /* Main.storyboard */,
				92627D9220445C16006F4AC7 /* GroupSettings */,
				92D185B020334416005D209E /* SendLocation.swift */,
				92D185B220348A05005D209E /* GetUsers.swift */,
				92CC0CE4203F727A00D9ED46 /* GetGroupUsers.swift */,
				92D185AD203343D1005D209E /* Map */,
				92D185AB203342A6005D209E /* CreateGroup */,
				922C9A222022202100539837 /* AlertModel.swift */,
				920CD5E91FCDC7BE00349451 /* LoginView.swift */,
				92E8D895201BBAC2004A4F94 /* KeyChain.swift */,
				9205CDE51FCDB0B2008F6466 /* Assets.xcassets */,
				9205CDE71FCDB0B2008F6466 /* LaunchScreen.storyboard */,
				9205CDEA1FCDB0B2008F6466 /* Info.plist */,
				92B1A0141FD6FD900009E316 /* Profile */,
				921DCE02200FA91100C01260 /* GroupSync_iosClient-Bridging-Header.h */,
			);
			path = GroupSync_iosClient;
			sourceTree = "<group>";
		};
		9205CDF21FCDB0B2008F6466 /* GroupSync_iosClientTests */ = {
			isa = PBXGroup;
			children = (
				9205CDF31FCDB0B2008F6466 /* GroupSync_iosClientTests.swift */,
				9205CDF51FCDB0B2008F6466 /* Info.plist */,
			);
			path = GroupSync_iosClientTests;
			sourceTree = "<group>";
		};
		9205CDFD1FCDB0B2008F6466 /* GroupSync_iosClientUITests */ = {
			isa = PBXGroup;
			children = (
				9205CDFE1FCDB0B2008F6466 /* GroupSync_iosClientUITests.swift */,
				9205CE001FCDB0B2008F6466 /* Info.plist */,
			);
			path = GroupSync_iosClientUITests;
			sourceTree = "<group>";
		};
		92627D9220445C16006F4AC7 /* GroupSettings */ = {
			isa = PBXGroup;
			children = (
				92627D9020445BC6006F4AC7 /* GroupSettingsViewController.swift */,
				92EAA6EC204489EE0097AFA3 /* GroupSettingsModel.swift */,
				92627D9320445C3D006F4AC7 /* UsersCollectionViewCell.swift */,
			);
			path = GroupSettings;
			sourceTree = "<group>";
		};
		92B1A0141FD6FD900009E316 /* Profile */ = {
			isa = PBXGroup;
			children = (
				921C4FDD1FD8AC3D00C8A79C /* PopUpSettings.swift */,
				92B1A0101FD5C38B0009E316 /* ProfileViewController.swift */,
			);
			path = Profile;
			sourceTree = "<group>";
		};
		92D185AB203342A6005D209E /* CreateGroup */ = {
			isa = PBXGroup;
			children = (
				92D19E362020F62B00BB24EA /* CreateGroupViewController.swift */,
				92D19E382020F63C00BB24EA /* CreateGroupModel.swift */,
			);
			path = CreateGroup;
			sourceTree = "<group>";
		};
		92D185AC203342E0005D209E /* Groups */ = {
			isa = PBXGroup;
			children = (
				92D19E30201E3D6F00BB24EA /* GroupViewController.swift */,
				92D19E32201E43D800BB24EA /* GroupCollectionViewCell.swift */,
			);
			name = Groups;
			path = "New Group";
			sourceTree = "<group>";
		};
		92D185AD203343D1005D209E /* Map */ = {
			isa = PBXGroup;
			children = (
				9229EA19202F67A5001FC6A7 /* MapViewController.swift */,
				92D185AE203343E7005D209E /* MapViewModel.swift */,
			);
			path = Map;
			sourceTree = "<group>";
		};
		97A9C0F8843C00EAB4B2B213 /* Pods */ = {
			isa = PBXGroup;
			children = (
				3D61BA4E0C7E3E7D935EF58B /* Pods-GroupSync_iosClient.debug.xcconfig */,
				00EB833F1458163D4444B72B /* Pods-GroupSync_iosClient.release.xcconfig */,
				45EF740B97C610FC426FF6D9 /* Pods-GroupSync_iosClientTests.debug.xcconfig */,
				A1C30FD2489825012CE68503 /* Pods-GroupSync_iosClientTests.release.xcconfig */,
				36D7D8D1D70DE2775D0C1969 /* Pods-GroupSync_iosClientUITests.debug.xcconfig */,
				4403AC67F38F5B532FB74AD4 /* Pods-GroupSync_iosClientUITests.release.xcconfig */,
			);
			name = Pods;
			sourceTree = "<group>";
		};
		99863E6A08577A42EF21DC0C /* Frameworks */ = {
			isa = PBXGroup;
			children = (
				CE3581E68C3EE773EDA7BCA7 /* Pods_GroupSync_iosClient.framework */,
				3F8808CDD1933E8C1626D8FC /* libPods-GroupSync_iosClientTests.a */,
				416304B911168C2B28F7CD5A /* libPods-GroupSync_iosClientUITests.a */,
			);
			name = Frameworks;
			sourceTree = "<group>";
		};
/* End PBXGroup section */

/* Begin PBXNativeTarget section */
		9205CDDA1FCDB0B2008F6466 /* GroupSync_iosClient */ = {
			isa = PBXNativeTarget;
			buildConfigurationList = 9205CE031FCDB0B2008F6466 /* Build configuration list for PBXNativeTarget "GroupSync_iosClient" */;
			buildPhases = (
				98A3C2C32E6C6DA2512C3BA5 /* [CP] Check Pods Manifest.lock */,
				9205CDD71FCDB0B2008F6466 /* Sources */,
				9205CDD81FCDB0B2008F6466 /* Frameworks */,
				9205CDD91FCDB0B2008F6466 /* Resources */,
				E11ED81A1B1FE9E91233A9E7 /* [CP] Embed Pods Frameworks */,
				63C56C3C0BF84FB7C123F360 /* [CP] Copy Pods Resources */,
			);
			buildRules = (
			);
			dependencies = (
			);
			name = GroupSync_iosClient;
			productName = GroupSync_iosClient;
			productReference = 9205CDDB1FCDB0B2008F6466 /* GroupSync_iosClient.app */;
			productType = "com.apple.product-type.application";
		};
		9205CDEE1FCDB0B2008F6466 /* GroupSync_iosClientTests */ = {
			isa = PBXNativeTarget;
			buildConfigurationList = 9205CE061FCDB0B2008F6466 /* Build configuration list for PBXNativeTarget "GroupSync_iosClientTests" */;
			buildPhases = (
				753668BF0AF26473277FA4F3 /* [CP] Check Pods Manifest.lock */,
				9205CDEB1FCDB0B2008F6466 /* Sources */,
				9205CDEC1FCDB0B2008F6466 /* Frameworks */,
				9205CDED1FCDB0B2008F6466 /* Resources */,
				5CD7BADA05F4D97BA013FBAA /* [CP] Embed Pods Frameworks */,
				5D4340468D3016B2622398F2 /* [CP] Copy Pods Resources */,
			);
			buildRules = (
			);
			dependencies = (
				9205CDF11FCDB0B2008F6466 /* PBXTargetDependency */,
			);
			name = GroupSync_iosClientTests;
			productName = GroupSync_iosClientTests;
			productReference = 9205CDEF1FCDB0B2008F6466 /* GroupSync_iosClientTests.xctest */;
			productType = "com.apple.product-type.bundle.unit-test";
		};
		9205CDF91FCDB0B2008F6466 /* GroupSync_iosClientUITests */ = {
			isa = PBXNativeTarget;
			buildConfigurationList = 9205CE091FCDB0B2008F6466 /* Build configuration list for PBXNativeTarget "GroupSync_iosClientUITests" */;
			buildPhases = (
				489794F1E33D6D904F49E1FB /* [CP] Check Pods Manifest.lock */,
				9205CDF61FCDB0B2008F6466 /* Sources */,
				9205CDF71FCDB0B2008F6466 /* Frameworks */,
				9205CDF81FCDB0B2008F6466 /* Resources */,
				5D10D4ED7326515CEA62062D /* [CP] Embed Pods Frameworks */,
				F82B13077EADEBC9341E4F92 /* [CP] Copy Pods Resources */,
			);
			buildRules = (
			);
			dependencies = (
				9205CDFC1FCDB0B2008F6466 /* PBXTargetDependency */,
			);
			name = GroupSync_iosClientUITests;
			productName = GroupSync_iosClientUITests;
			productReference = 9205CDFA1FCDB0B2008F6466 /* GroupSync_iosClientUITests.xctest */;
			productType = "com.apple.product-type.bundle.ui-testing";
		};
/* End PBXNativeTarget section */

/* Begin PBXProject section */
		9205CDD31FCDB0B2008F6466 /* Project object */ = {
			isa = PBXProject;
			attributes = {
				LastSwiftUpdateCheck = 0900;
				LastUpgradeCheck = 0900;
				ORGANIZATIONNAME = EmberBrennan;
				TargetAttributes = {
					9205CDDA1FCDB0B2008F6466 = {
						CreatedOnToolsVersion = 9.0;
						LastSwiftMigration = 0910;
						ProvisioningStyle = Automatic;
					};
					9205CDEE1FCDB0B2008F6466 = {
						CreatedOnToolsVersion = 9.0;
						ProvisioningStyle = Automatic;
						TestTargetID = 9205CDDA1FCDB0B2008F6466;
					};
					9205CDF91FCDB0B2008F6466 = {
						CreatedOnToolsVersion = 9.0;
						ProvisioningStyle = Automatic;
						TestTargetID = 9205CDDA1FCDB0B2008F6466;
					};
				};
			};
			buildConfigurationList = 9205CDD61FCDB0B2008F6466 /* Build configuration list for PBXProject "GroupSync_iosClient" */;
			compatibilityVersion = "Xcode 8.0";
			developmentRegion = en;
			hasScannedForEncodings = 0;
			knownRegions = (
				en,
				Base,
			);
			mainGroup = 9205CDD21FCDB0B2008F6466;
			productRefGroup = 9205CDDC1FCDB0B2008F6466 /* Products */;
			projectDirPath = "";
			projectRoot = "";
			targets = (
				9205CDDA1FCDB0B2008F6466 /* GroupSync_iosClient */,
				9205CDEE1FCDB0B2008F6466 /* GroupSync_iosClientTests */,
				9205CDF91FCDB0B2008F6466 /* GroupSync_iosClientUITests */,
			);
		};
/* End PBXProject section */

/* Begin PBXResourcesBuildPhase section */
		9205CDD91FCDB0B2008F6466 /* Resources */ = {
			isa = PBXResourcesBuildPhase;
			buildActionMask = 2147483647;
			files = (
				92F75C4D200FD85500116C55 /* awsconfiguration.json in Resources */,
				9205CDE91FCDB0B2008F6466 /* LaunchScreen.storyboard in Resources */,
				92541ACD203091B900ED873E /* UCD_ComputerScience.gpx in Resources */,
				9205CDE61FCDB0B2008F6466 /* Assets.xcassets in Resources */,
				9205CDE41FCDB0B2008F6466 /* Main.storyboard in Resources */,
			);
			runOnlyForDeploymentPostprocessing = 0;
		};
		9205CDED1FCDB0B2008F6466 /* Resources */ = {
			isa = PBXResourcesBuildPhase;
			buildActionMask = 2147483647;
			files = (
			);
			runOnlyForDeploymentPostprocessing = 0;
		};
		9205CDF81FCDB0B2008F6466 /* Resources */ = {
			isa = PBXResourcesBuildPhase;
			buildActionMask = 2147483647;
			files = (
			);
			runOnlyForDeploymentPostprocessing = 0;
		};
/* End PBXResourcesBuildPhase section */

/* Begin PBXShellScriptBuildPhase section */
		489794F1E33D6D904F49E1FB /* [CP] Check Pods Manifest.lock */ = {
			isa = PBXShellScriptBuildPhase;
			buildActionMask = 2147483647;
			files = (
			);
			inputPaths = (
				"${PODS_PODFILE_DIR_PATH}/Podfile.lock",
				"${PODS_ROOT}/Manifest.lock",
			);
			name = "[CP] Check Pods Manifest.lock";
			outputPaths = (
				"$(DERIVED_FILE_DIR)/Pods-GroupSync_iosClientUITests-checkManifestLockResult.txt",
			);
			runOnlyForDeploymentPostprocessing = 0;
			shellPath = /bin/sh;
			shellScript = "diff \"${PODS_PODFILE_DIR_PATH}/Podfile.lock\" \"${PODS_ROOT}/Manifest.lock\" > /dev/null\nif [ $? != 0 ] ; then\n    # print error to STDERR\n    echo \"error: The sandbox is not in sync with the Podfile.lock. Run 'pod install' or update your CocoaPods installation.\" >&2\n    exit 1\nfi\n# This output is used by Xcode 'outputs' to avoid re-running this script phase.\necho \"SUCCESS\" > \"${SCRIPT_OUTPUT_FILE_0}\"\n";
			showEnvVarsInLog = 0;
		};
		5CD7BADA05F4D97BA013FBAA /* [CP] Embed Pods Frameworks */ = {
			isa = PBXShellScriptBuildPhase;
			buildActionMask = 2147483647;
			files = (
			);
			inputPaths = (
			);
			name = "[CP] Embed Pods Frameworks";
			outputPaths = (
			);
			runOnlyForDeploymentPostprocessing = 0;
			shellPath = /bin/sh;
			shellScript = "\"${SRCROOT}/Pods/Target Support Files/Pods-GroupSync_iosClientTests/Pods-GroupSync_iosClientTests-frameworks.sh\"\n";
			showEnvVarsInLog = 0;
		};
		5D10D4ED7326515CEA62062D /* [CP] Embed Pods Frameworks */ = {
			isa = PBXShellScriptBuildPhase;
			buildActionMask = 2147483647;
			files = (
			);
			inputPaths = (
			);
			name = "[CP] Embed Pods Frameworks";
			outputPaths = (
			);
			runOnlyForDeploymentPostprocessing = 0;
			shellPath = /bin/sh;
			shellScript = "\"${SRCROOT}/Pods/Target Support Files/Pods-GroupSync_iosClientUITests/Pods-GroupSync_iosClientUITests-frameworks.sh\"\n";
			showEnvVarsInLog = 0;
		};
		5D4340468D3016B2622398F2 /* [CP] Copy Pods Resources */ = {
			isa = PBXShellScriptBuildPhase;
			buildActionMask = 2147483647;
			files = (
			);
			inputPaths = (
			);
			name = "[CP] Copy Pods Resources";
			outputPaths = (
			);
			runOnlyForDeploymentPostprocessing = 0;
			shellPath = /bin/sh;
			shellScript = "\"${SRCROOT}/Pods/Target Support Files/Pods-GroupSync_iosClientTests/Pods-GroupSync_iosClientTests-resources.sh\"\n";
			showEnvVarsInLog = 0;
		};
		63C56C3C0BF84FB7C123F360 /* [CP] Copy Pods Resources */ = {
			isa = PBXShellScriptBuildPhase;
			buildActionMask = 2147483647;
			files = (
			);
			inputPaths = (
			);
			name = "[CP] Copy Pods Resources";
			outputPaths = (
			);
			runOnlyForDeploymentPostprocessing = 0;
			shellPath = /bin/sh;
			shellScript = "\"${SRCROOT}/Pods/Target Support Files/Pods-GroupSync_iosClient/Pods-GroupSync_iosClient-resources.sh\"\n";
			showEnvVarsInLog = 0;
		};
		753668BF0AF26473277FA4F3 /* [CP] Check Pods Manifest.lock */ = {
			isa = PBXShellScriptBuildPhase;
			buildActionMask = 2147483647;
			files = (
			);
			inputPaths = (
				"${PODS_PODFILE_DIR_PATH}/Podfile.lock",
				"${PODS_ROOT}/Manifest.lock",
			);
			name = "[CP] Check Pods Manifest.lock";
			outputPaths = (
				"$(DERIVED_FILE_DIR)/Pods-GroupSync_iosClientTests-checkManifestLockResult.txt",
			);
			runOnlyForDeploymentPostprocessing = 0;
			shellPath = /bin/sh;
			shellScript = "diff \"${PODS_PODFILE_DIR_PATH}/Podfile.lock\" \"${PODS_ROOT}/Manifest.lock\" > /dev/null\nif [ $? != 0 ] ; then\n    # print error to STDERR\n    echo \"error: The sandbox is not in sync with the Podfile.lock. Run 'pod install' or update your CocoaPods installation.\" >&2\n    exit 1\nfi\n# This output is used by Xcode 'outputs' to avoid re-running this script phase.\necho \"SUCCESS\" > \"${SCRIPT_OUTPUT_FILE_0}\"\n";
			showEnvVarsInLog = 0;
		};
		98A3C2C32E6C6DA2512C3BA5 /* [CP] Check Pods Manifest.lock */ = {
			isa = PBXShellScriptBuildPhase;
			buildActionMask = 2147483647;
			files = (
			);
			inputPaths = (
				"${PODS_PODFILE_DIR_PATH}/Podfile.lock",
				"${PODS_ROOT}/Manifest.lock",
			);
			name = "[CP] Check Pods Manifest.lock";
			outputPaths = (
				"$(DERIVED_FILE_DIR)/Pods-GroupSync_iosClient-checkManifestLockResult.txt",
			);
			runOnlyForDeploymentPostprocessing = 0;
			shellPath = /bin/sh;
			shellScript = "diff \"${PODS_PODFILE_DIR_PATH}/Podfile.lock\" \"${PODS_ROOT}/Manifest.lock\" > /dev/null\nif [ $? != 0 ] ; then\n    # print error to STDERR\n    echo \"error: The sandbox is not in sync with the Podfile.lock. Run 'pod install' or update your CocoaPods installation.\" >&2\n    exit 1\nfi\n# This output is used by Xcode 'outputs' to avoid re-running this script phase.\necho \"SUCCESS\" > \"${SCRIPT_OUTPUT_FILE_0}\"\n";
			showEnvVarsInLog = 0;
		};
		E11ED81A1B1FE9E91233A9E7 /* [CP] Embed Pods Frameworks */ = {
			isa = PBXShellScriptBuildPhase;
			buildActionMask = 2147483647;
			files = (
			);
			inputPaths = (
				"${SRCROOT}/Pods/Target Support Files/Pods-GroupSync_iosClient/Pods-GroupSync_iosClient-frameworks.sh",
				"${BUILT_PRODUCTS_DIR}/Alamofire/Alamofire.framework",
				"${BUILT_PRODUCTS_DIR}/PromiseKit/PromiseKit.framework",
			);
			name = "[CP] Embed Pods Frameworks";
			outputPaths = (
				"${TARGET_BUILD_DIR}/${FRAMEWORKS_FOLDER_PATH}/Alamofire.framework",
				"${TARGET_BUILD_DIR}/${FRAMEWORKS_FOLDER_PATH}/PromiseKit.framework",
			);
			runOnlyForDeploymentPostprocessing = 0;
			shellPath = /bin/sh;
			shellScript = "\"${SRCROOT}/Pods/Target Support Files/Pods-GroupSync_iosClient/Pods-GroupSync_iosClient-frameworks.sh\"\n";
			showEnvVarsInLog = 0;
		};
		F82B13077EADEBC9341E4F92 /* [CP] Copy Pods Resources */ = {
			isa = PBXShellScriptBuildPhase;
			buildActionMask = 2147483647;
			files = (
			);
			inputPaths = (
			);
			name = "[CP] Copy Pods Resources";
			outputPaths = (
			);
			runOnlyForDeploymentPostprocessing = 0;
			shellPath = /bin/sh;
			shellScript = "\"${SRCROOT}/Pods/Target Support Files/Pods-GroupSync_iosClientUITests/Pods-GroupSync_iosClientUITests-resources.sh\"\n";
			showEnvVarsInLog = 0;
		};
/* End PBXShellScriptBuildPhase section */

/* Begin PBXSourcesBuildPhase section */
		9205CDD71FCDB0B2008F6466 /* Sources */ = {
			isa = PBXSourcesBuildPhase;
			buildActionMask = 2147483647;
			files = (
				92D19E33201E43D800BB24EA /* GroupCollectionViewCell.swift in Sources */,
				92CC0CE5203F727B00D9ED46 /* GetGroupUsers.swift in Sources */,
				92D185B320348A06005D209E /* GetUsers.swift in Sources */,
				92E8D896201BBAC2004A4F94 /* KeyChain.swift in Sources */,
				921C4FDE1FD8AC3D00C8A79C /* PopUpSettings.swift in Sources */,
				921BEE9A1FCE0A1F00EE9A78 /* SignUpView.swift in Sources */,
				92627D9120445BC7006F4AC7 /* GroupSettingsViewController.swift in Sources */,
				92D19E31201E3D6F00BB24EA /* GroupViewController.swift in Sources */,
				920CD5EA1FCDC7BE00349451 /* LoginView.swift in Sources */,
				92627D9420445C3D006F4AC7 /* UsersCollectionViewCell.swift in Sources */,
				9205CDE11FCDB0B2008F6466 /* ViewController.swift in Sources */,
				92D19E372020F62B00BB24EA /* CreateGroupViewController.swift in Sources */,
				92B1A0111FD5C38B0009E316 /* ProfileViewController.swift in Sources */,
				92B1A00D1FD5BA9A0009E316 /* HomeView.swift in Sources */,
				92EAA6ED204489EE0097AFA3 /* GroupSettingsModel.swift in Sources */,
				92D19E392020F63C00BB24EA /* CreateGroupModel.swift in Sources */,
				922C9A2520222BF000539837 /* ActiveTimeModel.swift in Sources */,
				92D185B120334416005D209E /* SendLocation.swift in Sources */,
				9205CDDF1FCDB0B2008F6466 /* AppDelegate.swift in Sources */,
				92D185AF203343E7005D209E /* MapViewModel.swift in Sources */,
				922C9A232022202100539837 /* AlertModel.swift in Sources */,
				92B1A01C1FD70A7D0009E316 /* SettingsViewController.swift in Sources */,
				9229EA1A202F67A5001FC6A7 /* MapViewController.swift in Sources */,
			);
			runOnlyForDeploymentPostprocessing = 0;
		};
		9205CDEB1FCDB0B2008F6466 /* Sources */ = {
			isa = PBXSourcesBuildPhase;
			buildActionMask = 2147483647;
			files = (
				9205CDF41FCDB0B2008F6466 /* GroupSync_iosClientTests.swift in Sources */,
			);
			runOnlyForDeploymentPostprocessing = 0;
		};
		9205CDF61FCDB0B2008F6466 /* Sources */ = {
			isa = PBXSourcesBuildPhase;
			buildActionMask = 2147483647;
			files = (
				9205CDFF1FCDB0B2008F6466 /* GroupSync_iosClientUITests.swift in Sources */,
			);
			runOnlyForDeploymentPostprocessing = 0;
		};
/* End PBXSourcesBuildPhase section */

/* Begin PBXTargetDependency section */
		9205CDF11FCDB0B2008F6466 /* PBXTargetDependency */ = {
			isa = PBXTargetDependency;
			target = 9205CDDA1FCDB0B2008F6466 /* GroupSync_iosClient */;
			targetProxy = 9205CDF01FCDB0B2008F6466 /* PBXContainerItemProxy */;
		};
		9205CDFC1FCDB0B2008F6466 /* PBXTargetDependency */ = {
			isa = PBXTargetDependency;
			target = 9205CDDA1FCDB0B2008F6466 /* GroupSync_iosClient */;
			targetProxy = 9205CDFB1FCDB0B2008F6466 /* PBXContainerItemProxy */;
		};
/* End PBXTargetDependency section */

/* Begin PBXVariantGroup section */
		9205CDE21FCDB0B2008F6466 /* Main.storyboard */ = {
			isa = PBXVariantGroup;
			children = (
				9205CDE31FCDB0B2008F6466 /* Base */,
			);
			name = Main.storyboard;
			sourceTree = "<group>";
		};
		9205CDE71FCDB0B2008F6466 /* LaunchScreen.storyboard */ = {
			isa = PBXVariantGroup;
			children = (
				9205CDE81FCDB0B2008F6466 /* Base */,
			);
			name = LaunchScreen.storyboard;
			sourceTree = "<group>";
		};
/* End PBXVariantGroup section */

/* Begin XCBuildConfiguration section */
		9205CE011FCDB0B2008F6466 /* Debug */ = {
			isa = XCBuildConfiguration;
			buildSettings = {
				ALWAYS_SEARCH_USER_PATHS = NO;
				CLANG_ANALYZER_NONNULL = YES;
				CLANG_ANALYZER_NUMBER_OBJECT_CONVERSION = YES_AGGRESSIVE;
				CLANG_CXX_LANGUAGE_STANDARD = "gnu++14";
				CLANG_CXX_LIBRARY = "libc++";
				CLANG_ENABLE_MODULES = YES;
				CLANG_ENABLE_OBJC_ARC = YES;
				CLANG_WARN_BLOCK_CAPTURE_AUTORELEASING = YES;
				CLANG_WARN_BOOL_CONVERSION = YES;
				CLANG_WARN_COMMA = YES;
				CLANG_WARN_CONSTANT_CONVERSION = YES;
				CLANG_WARN_DIRECT_OBJC_ISA_USAGE = YES_ERROR;
				CLANG_WARN_DOCUMENTATION_COMMENTS = YES;
				CLANG_WARN_EMPTY_BODY = YES;
				CLANG_WARN_ENUM_CONVERSION = YES;
				CLANG_WARN_INFINITE_RECURSION = YES;
				CLANG_WARN_INT_CONVERSION = YES;
				CLANG_WARN_NON_LITERAL_NULL_CONVERSION = YES;
				CLANG_WARN_OBJC_LITERAL_CONVERSION = YES;
				CLANG_WARN_OBJC_ROOT_CLASS = YES_ERROR;
				CLANG_WARN_RANGE_LOOP_ANALYSIS = YES;
				CLANG_WARN_STRICT_PROTOTYPES = YES;
				CLANG_WARN_SUSPICIOUS_MOVE = YES;
				CLANG_WARN_UNGUARDED_AVAILABILITY = YES_AGGRESSIVE;
				CLANG_WARN_UNREACHABLE_CODE = YES;
				CLANG_WARN__DUPLICATE_METHOD_MATCH = YES;
				CODE_SIGN_IDENTITY = "iPhone Developer";
				COPY_PHASE_STRIP = NO;
				DEBUG_INFORMATION_FORMAT = dwarf;
				ENABLE_STRICT_OBJC_MSGSEND = YES;
				ENABLE_TESTABILITY = YES;
				FRAMEWORK_SEARCH_PATHS = "$(inherited)";
				GCC_C_LANGUAGE_STANDARD = gnu11;
				GCC_DYNAMIC_NO_PIC = NO;
				GCC_NO_COMMON_BLOCKS = YES;
				GCC_OPTIMIZATION_LEVEL = 0;
				GCC_PREPROCESSOR_DEFINITIONS = (
					"DEBUG=1",
					"$(inherited)",
				);
				GCC_WARN_64_TO_32_BIT_CONVERSION = YES;
				GCC_WARN_ABOUT_RETURN_TYPE = YES_ERROR;
				GCC_WARN_UNDECLARED_SELECTOR = YES;
				GCC_WARN_UNINITIALIZED_AUTOS = YES_AGGRESSIVE;
				GCC_WARN_UNUSED_FUNCTION = YES;
				GCC_WARN_UNUSED_VARIABLE = YES;
				IPHONEOS_DEPLOYMENT_TARGET = 11.0;
				MTL_ENABLE_DEBUG_INFO = YES;
				ONLY_ACTIVE_ARCH = YES;
				SDKROOT = iphoneos;
				SWIFT_ACTIVE_COMPILATION_CONDITIONS = DEBUG;
				SWIFT_OPTIMIZATION_LEVEL = "-Onone";
			};
			name = Debug;
		};
		9205CE021FCDB0B2008F6466 /* Release */ = {
			isa = XCBuildConfiguration;
			buildSettings = {
				ALWAYS_SEARCH_USER_PATHS = NO;
				CLANG_ANALYZER_NONNULL = YES;
				CLANG_ANALYZER_NUMBER_OBJECT_CONVERSION = YES_AGGRESSIVE;
				CLANG_CXX_LANGUAGE_STANDARD = "gnu++14";
				CLANG_CXX_LIBRARY = "libc++";
				CLANG_ENABLE_MODULES = YES;
				CLANG_ENABLE_OBJC_ARC = YES;
				CLANG_WARN_BLOCK_CAPTURE_AUTORELEASING = YES;
				CLANG_WARN_BOOL_CONVERSION = YES;
				CLANG_WARN_COMMA = YES;
				CLANG_WARN_CONSTANT_CONVERSION = YES;
				CLANG_WARN_DIRECT_OBJC_ISA_USAGE = YES_ERROR;
				CLANG_WARN_DOCUMENTATION_COMMENTS = YES;
				CLANG_WARN_EMPTY_BODY = YES;
				CLANG_WARN_ENUM_CONVERSION = YES;
				CLANG_WARN_INFINITE_RECURSION = YES;
				CLANG_WARN_INT_CONVERSION = YES;
				CLANG_WARN_NON_LITERAL_NULL_CONVERSION = YES;
				CLANG_WARN_OBJC_LITERAL_CONVERSION = YES;
				CLANG_WARN_OBJC_ROOT_CLASS = YES_ERROR;
				CLANG_WARN_RANGE_LOOP_ANALYSIS = YES;
				CLANG_WARN_STRICT_PROTOTYPES = YES;
				CLANG_WARN_SUSPICIOUS_MOVE = YES;
				CLANG_WARN_UNGUARDED_AVAILABILITY = YES_AGGRESSIVE;
				CLANG_WARN_UNREACHABLE_CODE = YES;
				CLANG_WARN__DUPLICATE_METHOD_MATCH = YES;
				CODE_SIGN_IDENTITY = "iPhone Developer";
				COPY_PHASE_STRIP = NO;
				DEBUG_INFORMATION_FORMAT = "dwarf-with-dsym";
				ENABLE_NS_ASSERTIONS = NO;
				ENABLE_STRICT_OBJC_MSGSEND = YES;
				FRAMEWORK_SEARCH_PATHS = "$(inherited)";
				GCC_C_LANGUAGE_STANDARD = gnu11;
				GCC_NO_COMMON_BLOCKS = YES;
				GCC_WARN_64_TO_32_BIT_CONVERSION = YES;
				GCC_WARN_ABOUT_RETURN_TYPE = YES_ERROR;
				GCC_WARN_UNDECLARED_SELECTOR = YES;
				GCC_WARN_UNINITIALIZED_AUTOS = YES_AGGRESSIVE;
				GCC_WARN_UNUSED_FUNCTION = YES;
				GCC_WARN_UNUSED_VARIABLE = YES;
				IPHONEOS_DEPLOYMENT_TARGET = 11.0;
				MTL_ENABLE_DEBUG_INFO = NO;
				SDKROOT = iphoneos;
				SWIFT_OPTIMIZATION_LEVEL = "-Owholemodule";
				VALIDATE_PRODUCT = YES;
			};
			name = Release;
		};
		9205CE041FCDB0B2008F6466 /* Debug */ = {
			isa = XCBuildConfiguration;
			baseConfigurationReference = 3D61BA4E0C7E3E7D935EF58B /* Pods-GroupSync_iosClient.debug.xcconfig */;
			buildSettings = {
				ASSETCATALOG_COMPILER_APPICON_NAME = AppIcon;
				CLANG_ENABLE_MODULES = YES;
				CODE_SIGN_STYLE = Automatic;
				DEVELOPMENT_TEAM = EKF3UTYQR8;
				FRAMEWORK_SEARCH_PATHS = "$(inherited)";
				INFOPLIST_FILE = GroupSync_iosClient/Info.plist;
				LD_RUNPATH_SEARCH_PATHS = "$(inherited) @executable_path/Frameworks";
				NEW_SETTING = "platform :ios, '9.0'\ntarget :'YourAppTarget' do\n    use_frameworks!\n    pod 'AWSMobileClient', '~> 2.6.6'\n    # other pods\nend";
				PRODUCT_BUNDLE_IDENTIFIER = "Ember.GroupSync-iosClient";
				PRODUCT_NAME = "$(TARGET_NAME)";
				SWIFT_OBJC_BRIDGING_HEADER = "GroupSync_iosClient/GroupSync_iosClient-Bridging-Header.h";
				SWIFT_OPTIMIZATION_LEVEL = "-Onone";
				SWIFT_VERSION = 4.0;
				TARGETED_DEVICE_FAMILY = "1,2";
			};
			name = Debug;
		};
		9205CE051FCDB0B2008F6466 /* Release */ = {
			isa = XCBuildConfiguration;
			baseConfigurationReference = 00EB833F1458163D4444B72B /* Pods-GroupSync_iosClient.release.xcconfig */;
			buildSettings = {
				ASSETCATALOG_COMPILER_APPICON_NAME = AppIcon;
				CLANG_ENABLE_MODULES = YES;
				CODE_SIGN_STYLE = Automatic;
				DEVELOPMENT_TEAM = EKF3UTYQR8;
				FRAMEWORK_SEARCH_PATHS = "$(inherited)";
				INFOPLIST_FILE = GroupSync_iosClient/Info.plist;
				LD_RUNPATH_SEARCH_PATHS = "$(inherited) @executable_path/Frameworks";
				NEW_SETTING = "platform :ios, '9.0'\ntarget :'YourAppTarget' do\n    use_frameworks!\n    pod 'AWSMobileClient', '~> 2.6.6'\n    # other pods\nend";
				PRODUCT_BUNDLE_IDENTIFIER = "Ember.GroupSync-iosClient";
				PRODUCT_NAME = "$(TARGET_NAME)";
				SWIFT_OBJC_BRIDGING_HEADER = "GroupSync_iosClient/GroupSync_iosClient-Bridging-Header.h";
				SWIFT_VERSION = 4.0;
				TARGETED_DEVICE_FAMILY = "1,2";
			};
			name = Release;
		};
		9205CE071FCDB0B2008F6466 /* Debug */ = {
			isa = XCBuildConfiguration;
			baseConfigurationReference = 45EF740B97C610FC426FF6D9 /* Pods-GroupSync_iosClientTests.debug.xcconfig */;
			buildSettings = {
				ALWAYS_EMBED_SWIFT_STANDARD_LIBRARIES = YES;
				BUNDLE_LOADER = "$(TEST_HOST)";
				CODE_SIGN_STYLE = Automatic;
				DEVELOPMENT_TEAM = EKF3UTYQR8;
				INFOPLIST_FILE = GroupSync_iosClientTests/Info.plist;
				LD_RUNPATH_SEARCH_PATHS = "$(inherited) @executable_path/Frameworks @loader_path/Frameworks";
				PRODUCT_BUNDLE_IDENTIFIER = "Ember.GroupSync-iosClientTests";
				PRODUCT_NAME = "$(TARGET_NAME)";
				SWIFT_VERSION = 4.0;
				TARGETED_DEVICE_FAMILY = "1,2";
				TEST_HOST = "$(BUILT_PRODUCTS_DIR)/GroupSync_iosClient.app/GroupSync_iosClient";
			};
			name = Debug;
		};
		9205CE081FCDB0B2008F6466 /* Release */ = {
			isa = XCBuildConfiguration;
			baseConfigurationReference = A1C30FD2489825012CE68503 /* Pods-GroupSync_iosClientTests.release.xcconfig */;
			buildSettings = {
				ALWAYS_EMBED_SWIFT_STANDARD_LIBRARIES = YES;
				BUNDLE_LOADER = "$(TEST_HOST)";
				CODE_SIGN_STYLE = Automatic;
				DEVELOPMENT_TEAM = EKF3UTYQR8;
				INFOPLIST_FILE = GroupSync_iosClientTests/Info.plist;
				LD_RUNPATH_SEARCH_PATHS = "$(inherited) @executable_path/Frameworks @loader_path/Frameworks";
				PRODUCT_BUNDLE_IDENTIFIER = "Ember.GroupSync-iosClientTests";
				PRODUCT_NAME = "$(TARGET_NAME)";
				SWIFT_VERSION = 4.0;
				TARGETED_DEVICE_FAMILY = "1,2";
				TEST_HOST = "$(BUILT_PRODUCTS_DIR)/GroupSync_iosClient.app/GroupSync_iosClient";
			};
			name = Release;
		};
		9205CE0A1FCDB0B2008F6466 /* Debug */ = {
			isa = XCBuildConfiguration;
			baseConfigurationReference = 36D7D8D1D70DE2775D0C1969 /* Pods-GroupSync_iosClientUITests.debug.xcconfig */;
			buildSettings = {
				ALWAYS_EMBED_SWIFT_STANDARD_LIBRARIES = YES;
				CODE_SIGN_STYLE = Automatic;
				DEVELOPMENT_TEAM = EKF3UTYQR8;
				INFOPLIST_FILE = GroupSync_iosClientUITests/Info.plist;
				LD_RUNPATH_SEARCH_PATHS = "$(inherited) @executable_path/Frameworks @loader_path/Frameworks";
				PRODUCT_BUNDLE_IDENTIFIER = "Ember.GroupSync-iosClientUITests";
				PRODUCT_NAME = "$(TARGET_NAME)";
				SWIFT_VERSION = 4.0;
				TARGETED_DEVICE_FAMILY = "1,2";
				TEST_TARGET_NAME = GroupSync_iosClient;
			};
			name = Debug;
		};
		9205CE0B1FCDB0B2008F6466 /* Release */ = {
			isa = XCBuildConfiguration;
			baseConfigurationReference = 4403AC67F38F5B532FB74AD4 /* Pods-GroupSync_iosClientUITests.release.xcconfig */;
			buildSettings = {
				ALWAYS_EMBED_SWIFT_STANDARD_LIBRARIES = YES;
				CODE_SIGN_STYLE = Automatic;
				DEVELOPMENT_TEAM = EKF3UTYQR8;
				INFOPLIST_FILE = GroupSync_iosClientUITests/Info.plist;
				LD_RUNPATH_SEARCH_PATHS = "$(inherited) @executable_path/Frameworks @loader_path/Frameworks";
				PRODUCT_BUNDLE_IDENTIFIER = "Ember.GroupSync-iosClientUITests";
				PRODUCT_NAME = "$(TARGET_NAME)";
				SWIFT_VERSION = 4.0;
				TARGETED_DEVICE_FAMILY = "1,2";
				TEST_TARGET_NAME = GroupSync_iosClient;
			};
			name = Release;
		};
/* End XCBuildConfiguration section */

/* Begin XCConfigurationList section */
		9205CDD61FCDB0B2008F6466 /* Build configuration list for PBXProject "GroupSync_iosClient" */ = {
			isa = XCConfigurationList;
			buildConfigurations = (
				9205CE011FCDB0B2008F6466 /* Debug */,
				9205CE021FCDB0B2008F6466 /* Release */,
			);
			defaultConfigurationIsVisible = 0;
			defaultConfigurationName = Release;
		};
		9205CE031FCDB0B2008F6466 /* Build configuration list for PBXNativeTarget "GroupSync_iosClient" */ = {
			isa = XCConfigurationList;
			buildConfigurations = (
				9205CE041FCDB0B2008F6466 /* Debug */,
				9205CE051FCDB0B2008F6466 /* Release */,
			);
			defaultConfigurationIsVisible = 0;
			defaultConfigurationName = Release;
		};
		9205CE061FCDB0B2008F6466 /* Build configuration list for PBXNativeTarget "GroupSync_iosClientTests" */ = {
			isa = XCConfigurationList;
			buildConfigurations = (
				9205CE071FCDB0B2008F6466 /* Debug */,
				9205CE081FCDB0B2008F6466 /* Release */,
			);
			defaultConfigurationIsVisible = 0;
			defaultConfigurationName = Release;
		};
		9205CE091FCDB0B2008F6466 /* Build configuration list for PBXNativeTarget "GroupSync_iosClientUITests" */ = {
			isa = XCConfigurationList;
			buildConfigurations = (
				9205CE0A1FCDB0B2008F6466 /* Debug */,
				9205CE0B1FCDB0B2008F6466 /* Release */,
			);
			defaultConfigurationIsVisible = 0;
			defaultConfigurationName = Release;
		};
/* End XCConfigurationList section */
	};
	rootObject = 9205CDD31FCDB0B2008F6466 /* Project object */;
}
