// !$*UTF8*$!
{
	archiveVersion = 1;
	classes = {
	};
	objectVersion = 48;
	objects = {

/* Begin PBXBuildFile section */
		548F3BDDAFEA6969108889E6 /* Pods_GroupSync_iosClientUITests.framework in Frameworks */ = {isa = PBXBuildFile; fileRef = 429084AC844FD074C6BDE1A1 /* Pods_GroupSync_iosClientUITests.framework */; };
		6293886DA52E2B540FB3EEC2 /* Pods_GroupSync_iosClient.framework in Frameworks */ = {isa = PBXBuildFile; fileRef = 5C9E7669806F15552E8FBD17 /* Pods_GroupSync_iosClient.framework */; };
		9205CDDF1FCDB0B2008F6466 /* AppDelegate.swift in Sources */ = {isa = PBXBuildFile; fileRef = 9205CDDE1FCDB0B2008F6466 /* AppDelegate.swift */; };
		9205CDE41FCDB0B2008F6466 /* Main.storyboard in Resources */ = {isa = PBXBuildFile; fileRef = 9205CDE21FCDB0B2008F6466 /* Main.storyboard */; };
		9205CDE61FCDB0B2008F6466 /* Assets.xcassets in Resources */ = {isa = PBXBuildFile; fileRef = 9205CDE51FCDB0B2008F6466 /* Assets.xcassets */; };
		9205CDE91FCDB0B2008F6466 /* LaunchScreen.storyboard in Resources */ = {isa = PBXBuildFile; fileRef = 9205CDE71FCDB0B2008F6466 /* LaunchScreen.storyboard */; };
		9205CDF41FCDB0B2008F6466 /* GroupSync_iosClientTests.swift in Sources */ = {isa = PBXBuildFile; fileRef = 9205CDF31FCDB0B2008F6466 /* GroupSync_iosClientTests.swift */; };
		9205CDFF1FCDB0B2008F6466 /* GroupSync_iosClientUITests.swift in Sources */ = {isa = PBXBuildFile; fileRef = 9205CDFE1FCDB0B2008F6466 /* GroupSync_iosClientUITests.swift */; };
		920CD5EA1FCDC7BE00349451 /* LoginViewController.swift in Sources */ = {isa = PBXBuildFile; fileRef = 920CD5E91FCDC7BE00349451 /* LoginViewController.swift */; };
		921BEE9A1FCE0A1F00EE9A78 /* SignUpViewController.swift in Sources */ = {isa = PBXBuildFile; fileRef = 921BEE991FCE0A1F00EE9A78 /* SignUpViewController.swift */; };
		921C4FDE1FD8AC3D00C8A79C /* PopUpSettings.swift in Sources */ = {isa = PBXBuildFile; fileRef = 921C4FDD1FD8AC3D00C8A79C /* PopUpSettings.swift */; };
		9221428E206D73ED003AA27D /* LoginModel.swift in Sources */ = {isa = PBXBuildFile; fileRef = 9221428D206D73ED003AA27D /* LoginModel.swift */; };
		92214292206D7F3E003AA27D /* SignUpModel.swift in Sources */ = {isa = PBXBuildFile; fileRef = 92214291206D7F3E003AA27D /* SignUpModel.swift */; };
		9229EA1A202F67A5001FC6A7 /* MapViewController.swift in Sources */ = {isa = PBXBuildFile; fileRef = 9229EA19202F67A5001FC6A7 /* MapViewController.swift */; };
		922C9A232022202100539837 /* AlertModel.swift in Sources */ = {isa = PBXBuildFile; fileRef = 922C9A222022202100539837 /* AlertModel.swift */; };
		922C9A2520222BF000539837 /* ActiveTimeModel.swift in Sources */ = {isa = PBXBuildFile; fileRef = 922C9A2420222BF000539837 /* ActiveTimeModel.swift */; };
		9233E520205440C000146C37 /* JoinPublicGroupViewController.swift in Sources */ = {isa = PBXBuildFile; fileRef = 9233E51F205440C000146C37 /* JoinPublicGroupViewController.swift */; };
		9233E5222054762A00146C37 /* GroupInformationModel.swift in Sources */ = {isa = PBXBuildFile; fileRef = 9233E5212054762A00146C37 /* GroupInformationModel.swift */; };
		923794772054203E0085C1F5 /* PublicGroupViewController.swift in Sources */ = {isa = PBXBuildFile; fileRef = 923794762054203E0085C1F5 /* PublicGroupViewController.swift */; };
		923794792054204F0085C1F5 /* PublicGroupCollectionViewCell.swift in Sources */ = {isa = PBXBuildFile; fileRef = 923794782054204F0085C1F5 /* PublicGroupCollectionViewCell.swift */; };
		9237947B205420CB0085C1F5 /* GroupModel.swift in Sources */ = {isa = PBXBuildFile; fileRef = 9237947A205420CB0085C1F5 /* GroupModel.swift */; };
		9249E37D204F0B090007FFC4 /* RequestModel.swift in Sources */ = {isa = PBXBuildFile; fileRef = 9249E37C204F0B090007FFC4 /* RequestModel.swift */; };
		92627D9120445BC7006F4AC7 /* GroupSettingsViewController.swift in Sources */ = {isa = PBXBuildFile; fileRef = 92627D9020445BC6006F4AC7 /* GroupSettingsViewController.swift */; };
		92627D9420445C3D006F4AC7 /* UsersCollectionViewCell.swift in Sources */ = {isa = PBXBuildFile; fileRef = 92627D9320445C3D006F4AC7 /* UsersCollectionViewCell.swift */; };
		9267FAC8204EF94400C58BB1 /* InvitesCollectionCell.swift in Sources */ = {isa = PBXBuildFile; fileRef = 9267FAC7204EF94400C58BB1 /* InvitesCollectionCell.swift */; };
		92709486206D8C6B00D5DB02 /* ViewController.swift in Sources */ = {isa = PBXBuildFile; fileRef = 92709485206D8C6B00D5DB02 /* ViewController.swift */; };
		92B1A00D1FD5BA9A0009E316 /* HomeViewController.swift in Sources */ = {isa = PBXBuildFile; fileRef = 92B1A00C1FD5BA9A0009E316 /* HomeViewController.swift */; };
		92B1A0111FD5C38B0009E316 /* ProfileViewController.swift in Sources */ = {isa = PBXBuildFile; fileRef = 92B1A0101FD5C38B0009E316 /* ProfileViewController.swift */; };
		92B1A01C1FD70A7D0009E316 /* InvitesViewController.swift in Sources */ = {isa = PBXBuildFile; fileRef = 92B1A01B1FD70A7D0009E316 /* InvitesViewController.swift */; };
		92C6098E206BDFD100D97B14 /* EditProfileModel.swift in Sources */ = {isa = PBXBuildFile; fileRef = 92C6098D206BDFD100D97B14 /* EditProfileModel.swift */; };
		92C60991206BEEF100D97B14 /* (null) in Frameworks */ = {isa = PBXBuildFile; };
		92CC0CE5203F727B00D9ED46 /* GetGroupUsers.swift in Sources */ = {isa = PBXBuildFile; fileRef = 92CC0CE4203F727A00D9ED46 /* GetGroupUsers.swift */; };
		92D185AF203343E7005D209E /* MapViewModel.swift in Sources */ = {isa = PBXBuildFile; fileRef = 92D185AE203343E7005D209E /* MapViewModel.swift */; };
		92D185B120334416005D209E /* SendLocation.swift in Sources */ = {isa = PBXBuildFile; fileRef = 92D185B020334416005D209E /* SendLocation.swift */; };
		92D185B320348A06005D209E /* GetUsers.swift in Sources */ = {isa = PBXBuildFile; fileRef = 92D185B220348A05005D209E /* GetUsers.swift */; };
		92D19E31201E3D6F00BB24EA /* PrivateGroupViewController.swift in Sources */ = {isa = PBXBuildFile; fileRef = 92D19E30201E3D6F00BB24EA /* PrivateGroupViewController.swift */; };
		92D19E33201E43D800BB24EA /* PrivateGroupCollectionViewCell.swift in Sources */ = {isa = PBXBuildFile; fileRef = 92D19E32201E43D800BB24EA /* PrivateGroupCollectionViewCell.swift */; };
		92D19E372020F62B00BB24EA /* CreateGroupViewController.swift in Sources */ = {isa = PBXBuildFile; fileRef = 92D19E362020F62B00BB24EA /* CreateGroupViewController.swift */; };
		92D19E392020F63C00BB24EA /* CreateGroupModel.swift in Sources */ = {isa = PBXBuildFile; fileRef = 92D19E382020F63C00BB24EA /* CreateGroupModel.swift */; };
		92E8D896201BBAC2004A4F94 /* KeyChain.swift in Sources */ = {isa = PBXBuildFile; fileRef = 92E8D895201BBAC2004A4F94 /* KeyChain.swift */; };
		92EAA6ED204489EE0097AFA3 /* GroupSettingsModel.swift in Sources */ = {isa = PBXBuildFile; fileRef = 92EAA6EC204489EE0097AFA3 /* GroupSettingsModel.swift */; };
		92F622E4206C223600A96845 /* GoogleService-Info.plist in Resources */ = {isa = PBXBuildFile; fileRef = 92F622E3206C223600A96845 /* GoogleService-Info.plist */; };
		FCAC881F656753921E218BC9 /* Pods_GroupSync_iosClientTests.framework in Frameworks */ = {isa = PBXBuildFile; fileRef = E839148F03B004B2BA6DE58F /* Pods_GroupSync_iosClientTests.framework */; };
/* End PBXBuildFile section */

/* Begin PBXContainerItemProxy section */
		9205CDF01FCDB0B2008F6466 /* PBXContainerItemProxy */ = {
			isa = PBXContainerItemProxy;
			containerPortal = 9205CDD31FCDB0B2008F6466 /* Project object */;
			proxyType = 1;
			remoteGlobalIDString = 9205CDDA1FCDB0B2008F6466;
			remoteInfo = GroupSync_iosClient;
		};
		9205CDFB1FCDB0B2008F6466 /* PBXContainerItemProxy */ = {
			isa = PBXContainerItemProxy;
			containerPortal = 9205CDD31FCDB0B2008F6466 /* Project object */;
			proxyType = 1;
			remoteGlobalIDString = 9205CDDA1FCDB0B2008F6466;
			remoteInfo = GroupSync_iosClient;
		};
/* End PBXContainerItemProxy section */

/* Begin PBXFileReference section */
		0CD3E934C2AD50631A648FD7 /* Pods-GroupSync_iosClient.release.xcconfig */ = {isa = PBXFileReference; includeInIndex = 1; lastKnownFileType = text.xcconfig; name = "Pods-GroupSync_iosClient.release.xcconfig"; path = "Pods/Target Support Files/Pods-GroupSync_iosClient/Pods-GroupSync_iosClient.release.xcconfig"; sourceTree = "<group>"; };
		1DFCAC01D2C1923192414476 /* Pods-GroupSync_iosClient.debug.xcconfig */ = {isa = PBXFileReference; includeInIndex = 1; lastKnownFileType = text.xcconfig; name = "Pods-GroupSync_iosClient.debug.xcconfig"; path = "Pods/Target Support Files/Pods-GroupSync_iosClient/Pods-GroupSync_iosClient.debug.xcconfig"; sourceTree = "<group>"; };
		280931C6A9A3FFA46C090A1A /* Pods-GroupSync_iosClientUITests.release.xcconfig */ = {isa = PBXFileReference; includeInIndex = 1; lastKnownFileType = text.xcconfig; name = "Pods-GroupSync_iosClientUITests.release.xcconfig"; path = "Pods/Target Support Files/Pods-GroupSync_iosClientUITests/Pods-GroupSync_iosClientUITests.release.xcconfig"; sourceTree = "<group>"; };
		429084AC844FD074C6BDE1A1 /* Pods_GroupSync_iosClientUITests.framework */ = {isa = PBXFileReference; explicitFileType = wrapper.framework; includeInIndex = 0; path = Pods_GroupSync_iosClientUITests.framework; sourceTree = BUILT_PRODUCTS_DIR; };
		590429D7B9115A58997B023C /* Pods-GroupSync_iosClientTests.debug.xcconfig */ = {isa = PBXFileReference; includeInIndex = 1; lastKnownFileType = text.xcconfig; name = "Pods-GroupSync_iosClientTests.debug.xcconfig"; path = "Pods/Target Support Files/Pods-GroupSync_iosClientTests/Pods-GroupSync_iosClientTests.debug.xcconfig"; sourceTree = "<group>"; };
		5C9E7669806F15552E8FBD17 /* Pods_GroupSync_iosClient.framework */ = {isa = PBXFileReference; explicitFileType = wrapper.framework; includeInIndex = 0; path = Pods_GroupSync_iosClient.framework; sourceTree = BUILT_PRODUCTS_DIR; };
		7EDF5E05D87183945EEC4C9F /* Pods-GroupSync_iosClientTests.release.xcconfig */ = {isa = PBXFileReference; includeInIndex = 1; lastKnownFileType = text.xcconfig; name = "Pods-GroupSync_iosClientTests.release.xcconfig"; path = "Pods/Target Support Files/Pods-GroupSync_iosClientTests/Pods-GroupSync_iosClientTests.release.xcconfig"; sourceTree = "<group>"; };
		9205CDDB1FCDB0B2008F6466 /* GroupSync_iosClient.app */ = {isa = PBXFileReference; explicitFileType = wrapper.application; includeInIndex = 0; path = GroupSync_iosClient.app; sourceTree = BUILT_PRODUCTS_DIR; };
		9205CDDE1FCDB0B2008F6466 /* AppDelegate.swift */ = {isa = PBXFileReference; lastKnownFileType = sourcecode.swift; path = AppDelegate.swift; sourceTree = "<group>"; };
		9205CDE31FCDB0B2008F6466 /* Base */ = {isa = PBXFileReference; lastKnownFileType = file.storyboard; name = Base; path = Base.lproj/Main.storyboard; sourceTree = "<group>"; };
		9205CDE51FCDB0B2008F6466 /* Assets.xcassets */ = {isa = PBXFileReference; lastKnownFileType = folder.assetcatalog; path = Assets.xcassets; sourceTree = "<group>"; };
		9205CDE81FCDB0B2008F6466 /* Base */ = {isa = PBXFileReference; lastKnownFileType = file.storyboard; name = Base; path = Base.lproj/LaunchScreen.storyboard; sourceTree = "<group>"; };
		9205CDEA1FCDB0B2008F6466 /* Info.plist */ = {isa = PBXFileReference; lastKnownFileType = text.plist.xml; path = Info.plist; sourceTree = "<group>"; };
		9205CDEF1FCDB0B2008F6466 /* GroupSync_iosClientTests.xctest */ = {isa = PBXFileReference; explicitFileType = wrapper.cfbundle; includeInIndex = 0; path = GroupSync_iosClientTests.xctest; sourceTree = BUILT_PRODUCTS_DIR; };
		9205CDF31FCDB0B2008F6466 /* GroupSync_iosClientTests.swift */ = {isa = PBXFileReference; lastKnownFileType = sourcecode.swift; path = GroupSync_iosClientTests.swift; sourceTree = "<group>"; };
		9205CDF51FCDB0B2008F6466 /* Info.plist */ = {isa = PBXFileReference; lastKnownFileType = text.plist.xml; path = Info.plist; sourceTree = "<group>"; };
		9205CDFA1FCDB0B2008F6466 /* GroupSync_iosClientUITests.xctest */ = {isa = PBXFileReference; explicitFileType = wrapper.cfbundle; includeInIndex = 0; path = GroupSync_iosClientUITests.xctest; sourceTree = BUILT_PRODUCTS_DIR; };
		9205CDFE1FCDB0B2008F6466 /* GroupSync_iosClientUITests.swift */ = {isa = PBXFileReference; lastKnownFileType = sourcecode.swift; path = GroupSync_iosClientUITests.swift; sourceTree = "<group>"; };
		9205CE001FCDB0B2008F6466 /* Info.plist */ = {isa = PBXFileReference; lastKnownFileType = text.plist.xml; path = Info.plist; sourceTree = "<group>"; };
		920CD5E91FCDC7BE00349451 /* LoginViewController.swift */ = {isa = PBXFileReference; lastKnownFileType = sourcecode.swift; path = LoginViewController.swift; sourceTree = "<group>"; };
		921BEE991FCE0A1F00EE9A78 /* SignUpViewController.swift */ = {isa = PBXFileReference; lastKnownFileType = sourcecode.swift; path = SignUpViewController.swift; sourceTree = "<group>"; };
		921C4FDD1FD8AC3D00C8A79C /* PopUpSettings.swift */ = {isa = PBXFileReference; lastKnownFileType = sourcecode.swift; path = PopUpSettings.swift; sourceTree = "<group>"; };
		9221428D206D73ED003AA27D /* LoginModel.swift */ = {isa = PBXFileReference; lastKnownFileType = sourcecode.swift; path = LoginModel.swift; sourceTree = "<group>"; };
		92214291206D7F3E003AA27D /* SignUpModel.swift */ = {isa = PBXFileReference; lastKnownFileType = sourcecode.swift; path = SignUpModel.swift; sourceTree = "<group>"; };
		9229EA19202F67A5001FC6A7 /* MapViewController.swift */ = {isa = PBXFileReference; lastKnownFileType = sourcecode.swift; path = MapViewController.swift; sourceTree = "<group>"; };
		922C9A222022202100539837 /* AlertModel.swift */ = {isa = PBXFileReference; lastKnownFileType = sourcecode.swift; path = AlertModel.swift; sourceTree = "<group>"; };
		922C9A2420222BF000539837 /* ActiveTimeModel.swift */ = {isa = PBXFileReference; lastKnownFileType = sourcecode.swift; path = ActiveTimeModel.swift; sourceTree = "<group>"; };
		9233E51F205440C000146C37 /* JoinPublicGroupViewController.swift */ = {isa = PBXFileReference; lastKnownFileType = sourcecode.swift; path = JoinPublicGroupViewController.swift; sourceTree = "<group>"; };
		9233E5212054762A00146C37 /* GroupInformationModel.swift */ = {isa = PBXFileReference; lastKnownFileType = sourcecode.swift; name = GroupInformationModel.swift; path = /College/Year4/FYP/GroupSync_iosClient/GroupSync_iosClient/Models/GroupInformationModel.swift; sourceTree = "<absolute>"; };
		923794762054203E0085C1F5 /* PublicGroupViewController.swift */ = {isa = PBXFileReference; lastKnownFileType = sourcecode.swift; path = PublicGroupViewController.swift; sourceTree = "<group>"; };
		923794782054204F0085C1F5 /* PublicGroupCollectionViewCell.swift */ = {isa = PBXFileReference; lastKnownFileType = sourcecode.swift; path = PublicGroupCollectionViewCell.swift; sourceTree = "<group>"; };
		9237947A205420CB0085C1F5 /* GroupModel.swift */ = {isa = PBXFileReference; lastKnownFileType = sourcecode.swift; path = GroupModel.swift; sourceTree = "<group>"; };
		9249E37C204F0B090007FFC4 /* RequestModel.swift */ = {isa = PBXFileReference; lastKnownFileType = sourcecode.swift; path = RequestModel.swift; sourceTree = "<group>"; };
		92627D9020445BC6006F4AC7 /* GroupSettingsViewController.swift */ = {isa = PBXFileReference; lastKnownFileType = sourcecode.swift; path = GroupSettingsViewController.swift; sourceTree = "<group>"; };
		92627D9320445C3D006F4AC7 /* UsersCollectionViewCell.swift */ = {isa = PBXFileReference; lastKnownFileType = sourcecode.swift; path = UsersCollectionViewCell.swift; sourceTree = "<group>"; };
		9267FAC7204EF94400C58BB1 /* InvitesCollectionCell.swift */ = {isa = PBXFileReference; lastKnownFileType = sourcecode.swift; path = InvitesCollectionCell.swift; sourceTree = "<group>"; };
		92709485206D8C6B00D5DB02 /* ViewController.swift */ = {isa = PBXFileReference; lastKnownFileType = sourcecode.swift; path = ViewController.swift; sourceTree = "<group>"; };
		92B1A00C1FD5BA9A0009E316 /* HomeViewController.swift */ = {isa = PBXFileReference; lastKnownFileType = sourcecode.swift; path = HomeViewController.swift; sourceTree = "<group>"; };
		92B1A0101FD5C38B0009E316 /* ProfileViewController.swift */ = {isa = PBXFileReference; lastKnownFileType = sourcecode.swift; path = ProfileViewController.swift; sourceTree = "<group>"; };
		92B1A01B1FD70A7D0009E316 /* InvitesViewController.swift */ = {isa = PBXFileReference; lastKnownFileType = sourcecode.swift; path = InvitesViewController.swift; sourceTree = "<group>"; };
		92C6098D206BDFD100D97B14 /* EditProfileModel.swift */ = {isa = PBXFileReference; lastKnownFileType = sourcecode.swift; path = EditProfileModel.swift; sourceTree = "<group>"; };
		92CC0CE4203F727A00D9ED46 /* GetGroupUsers.swift */ = {isa = PBXFileReference; lastKnownFileType = sourcecode.swift; path = GetGroupUsers.swift; sourceTree = "<group>"; };
		92D185AE203343E7005D209E /* MapViewModel.swift */ = {isa = PBXFileReference; lastKnownFileType = sourcecode.swift; path = MapViewModel.swift; sourceTree = "<group>"; };
		92D185B020334416005D209E /* SendLocation.swift */ = {isa = PBXFileReference; lastKnownFileType = sourcecode.swift; name = SendLocation.swift; path = GroupSync_iosClient/Models/SendLocation.swift; sourceTree = SOURCE_ROOT; };
		92D185B220348A05005D209E /* GetUsers.swift */ = {isa = PBXFileReference; lastKnownFileType = sourcecode.swift; path = GetUsers.swift; sourceTree = "<group>"; };
		92D19E30201E3D6F00BB24EA /* PrivateGroupViewController.swift */ = {isa = PBXFileReference; lastKnownFileType = sourcecode.swift; name = PrivateGroupViewController.swift; path = /College/Year4/FYP/GroupSync_iosClient/GroupSync_iosClient/Controllers/PrivateGroupViewController.swift; sourceTree = "<absolute>"; };
		92D19E32201E43D800BB24EA /* PrivateGroupCollectionViewCell.swift */ = {isa = PBXFileReference; lastKnownFileType = sourcecode.swift; path = PrivateGroupCollectionViewCell.swift; sourceTree = "<group>"; };
		92D19E362020F62B00BB24EA /* CreateGroupViewController.swift */ = {isa = PBXFileReference; lastKnownFileType = sourcecode.swift; path = CreateGroupViewController.swift; sourceTree = "<group>"; };
		92D19E382020F63C00BB24EA /* CreateGroupModel.swift */ = {isa = PBXFileReference; lastKnownFileType = sourcecode.swift; path = CreateGroupModel.swift; sourceTree = "<group>"; };
		92E8D895201BBAC2004A4F94 /* KeyChain.swift */ = {isa = PBXFileReference; lastKnownFileType = sourcecode.swift; path = KeyChain.swift; sourceTree = "<group>"; };
		92EAA6EC204489EE0097AFA3 /* GroupSettingsModel.swift */ = {isa = PBXFileReference; lastKnownFileType = sourcecode.swift; path = GroupSettingsModel.swift; sourceTree = "<group>"; };
		92F622E3206C223600A96845 /* GoogleService-Info.plist */ = {isa = PBXFileReference; fileEncoding = 4; lastKnownFileType = text.plist.xml; path = "GoogleService-Info.plist"; sourceTree = "<group>"; };
		92F622E5206C29B300A96845 /* GroupSync_iosClient.entitlements */ = {isa = PBXFileReference; lastKnownFileType = text.plist.entitlements; path = GroupSync_iosClient.entitlements; sourceTree = "<group>"; };
		CA8484784013A69C8BECB29E /* Pods-GroupSync_iosClientUITests.debug.xcconfig */ = {isa = PBXFileReference; includeInIndex = 1; lastKnownFileType = text.xcconfig; name = "Pods-GroupSync_iosClientUITests.debug.xcconfig"; path = "Pods/Target Support Files/Pods-GroupSync_iosClientUITests/Pods-GroupSync_iosClientUITests.debug.xcconfig"; sourceTree = "<group>"; };
		E839148F03B004B2BA6DE58F /* Pods_GroupSync_iosClientTests.framework */ = {isa = PBXFileReference; explicitFileType = wrapper.framework; includeInIndex = 0; path = Pods_GroupSync_iosClientTests.framework; sourceTree = BUILT_PRODUCTS_DIR; };
/* End PBXFileReference section */

/* Begin PBXFrameworksBuildPhase section */
		9205CDD81FCDB0B2008F6466 /* Frameworks */ = {
			isa = PBXFrameworksBuildPhase;
			buildActionMask = 2147483647;
			files = (
				92C60991206BEEF100D97B14 /* (null) in Frameworks */,
				6293886DA52E2B540FB3EEC2 /* Pods_GroupSync_iosClient.framework in Frameworks */,
			);
			runOnlyForDeploymentPostprocessing = 0;
		};
		9205CDEC1FCDB0B2008F6466 /* Frameworks */ = {
			isa = PBXFrameworksBuildPhase;
			buildActionMask = 2147483647;
			files = (
				FCAC881F656753921E218BC9 /* Pods_GroupSync_iosClientTests.framework in Frameworks */,
			);
			runOnlyForDeploymentPostprocessing = 0;
		};
		9205CDF71FCDB0B2008F6466 /* Frameworks */ = {
			isa = PBXFrameworksBuildPhase;
			buildActionMask = 2147483647;
			files = (
				548F3BDDAFEA6969108889E6 /* Pods_GroupSync_iosClientUITests.framework in Frameworks */,
			);
			runOnlyForDeploymentPostprocessing = 0;
		};
/* End PBXFrameworksBuildPhase section */

/* Begin PBXGroup section */
		49CC9441DB389D0AE594962F /* Pods */ = {
			isa = PBXGroup;
			children = (
				1DFCAC01D2C1923192414476 /* Pods-GroupSync_iosClient.debug.xcconfig */,
				0CD3E934C2AD50631A648FD7 /* Pods-GroupSync_iosClient.release.xcconfig */,
				590429D7B9115A58997B023C /* Pods-GroupSync_iosClientTests.debug.xcconfig */,
				7EDF5E05D87183945EEC4C9F /* Pods-GroupSync_iosClientTests.release.xcconfig */,
				CA8484784013A69C8BECB29E /* Pods-GroupSync_iosClientUITests.debug.xcconfig */,
				280931C6A9A3FFA46C090A1A /* Pods-GroupSync_iosClientUITests.release.xcconfig */,
			);
			name = Pods;
			sourceTree = "<group>";
		};
		4C0B775288C4037BC0503D70 /* Frameworks */ = {
			isa = PBXGroup;
			children = (
				5C9E7669806F15552E8FBD17 /* Pods_GroupSync_iosClient.framework */,
				E839148F03B004B2BA6DE58F /* Pods_GroupSync_iosClientTests.framework */,
				429084AC844FD074C6BDE1A1 /* Pods_GroupSync_iosClientUITests.framework */,
			);
			name = Frameworks;
			sourceTree = "<group>";
		};
		9205CDD21FCDB0B2008F6466 = {
			isa = PBXGroup;
			children = (
				9205CDDD1FCDB0B2008F6466 /* GroupSync_iosClient */,
				9205CDF21FCDB0B2008F6466 /* GroupSync_iosClientTests */,
				9205CDFD1FCDB0B2008F6466 /* GroupSync_iosClientUITests */,
				9205CDDC1FCDB0B2008F6466 /* Products */,
				49CC9441DB389D0AE594962F /* Pods */,
				4C0B775288C4037BC0503D70 /* Frameworks */,
			);
			sourceTree = "<group>";
		};
		9205CDDC1FCDB0B2008F6466 /* Products */ = {
			isa = PBXGroup;
			children = (
				9205CDDB1FCDB0B2008F6466 /* GroupSync_iosClient.app */,
				9205CDEF1FCDB0B2008F6466 /* GroupSync_iosClientTests.xctest */,
				9205CDFA1FCDB0B2008F6466 /* GroupSync_iosClientUITests.xctest */,
			);
			name = Products;
			sourceTree = "<group>";
		};
		9205CDDD1FCDB0B2008F6466 /* GroupSync_iosClient */ = {
			isa = PBXGroup;
			children = (
				92E6B11C206D6B3100C4D0EE /* CollectionCells */,
				92E6B11B206D6AC300C4D0EE /* Services */,
				92E6B11A206D6A4800C4D0EE /* Controllers */,
				92E6B119206D6A4200C4D0EE /* Models */,
				92E6B118206D6A3900C4D0EE /* Views */,
				92F622E5206C29B300A96845 /* GroupSync_iosClient.entitlements */,
				9205CDDE1FCDB0B2008F6466 /* AppDelegate.swift */,
				9205CDE21FCDB0B2008F6466 /* Main.storyboard */,
				9205CDE51FCDB0B2008F6466 /* Assets.xcassets */,
				9205CDE71FCDB0B2008F6466 /* LaunchScreen.storyboard */,
				9205CDEA1FCDB0B2008F6466 /* Info.plist */,
				92F622E3206C223600A96845 /* GoogleService-Info.plist */,
			);
			path = GroupSync_iosClient;
			sourceTree = "<group>";
		};
		9205CDF21FCDB0B2008F6466 /* GroupSync_iosClientTests */ = {
			isa = PBXGroup;
			children = (
				9205CDF31FCDB0B2008F6466 /* GroupSync_iosClientTests.swift */,
				9205CDF51FCDB0B2008F6466 /* Info.plist */,
			);
			path = GroupSync_iosClientTests;
			sourceTree = "<group>";
		};
		9205CDFD1FCDB0B2008F6466 /* GroupSync_iosClientUITests */ = {
			isa = PBXGroup;
			children = (
				9205CDFE1FCDB0B2008F6466 /* GroupSync_iosClientUITests.swift */,
				9205CE001FCDB0B2008F6466 /* Info.plist */,
			);
			path = GroupSync_iosClientUITests;
			sourceTree = "<group>";
		};
		92E6B118206D6A3900C4D0EE /* Views */ = {
			isa = PBXGroup;
			children = (
				921C4FDD1FD8AC3D00C8A79C /* PopUpSettings.swift */,
			);
			path = Views;
			sourceTree = "<group>";
		};
		92E6B119206D6A4200C4D0EE /* Models */ = {
			isa = PBXGroup;
			children = (
				9237947A205420CB0085C1F5 /* GroupModel.swift */,
				92C6098D206BDFD100D97B14 /* EditProfileModel.swift */,
				92D19E382020F63C00BB24EA /* CreateGroupModel.swift */,
				922C9A222022202100539837 /* AlertModel.swift */,
				92D185AE203343E7005D209E /* MapViewModel.swift */,
				92CC0CE4203F727A00D9ED46 /* GetGroupUsers.swift */,
				92D185B220348A05005D209E /* GetUsers.swift */,
				92D185B020334416005D209E /* SendLocation.swift */,
				92EAA6EC204489EE0097AFA3 /* GroupSettingsModel.swift */,
				9249E37C204F0B090007FFC4 /* RequestModel.swift */,
				9233E5212054762A00146C37 /* GroupInformationModel.swift */,
				922C9A2420222BF000539837 /* ActiveTimeModel.swift */,
				9221428D206D73ED003AA27D /* LoginModel.swift */,
				92214291206D7F3E003AA27D /* SignUpModel.swift */,
			);
			path = Models;
			sourceTree = "<group>";
		};
		92E6B11A206D6A4800C4D0EE /* Controllers */ = {
			isa = PBXGroup;
			children = (
				92709485206D8C6B00D5DB02 /* ViewController.swift */,
				920CD5E91FCDC7BE00349451 /* LoginViewController.swift */,
				923794762054203E0085C1F5 /* PublicGroupViewController.swift */,
				92D19E362020F62B00BB24EA /* CreateGroupViewController.swift */,
				9229EA19202F67A5001FC6A7 /* MapViewController.swift */,
				92627D9020445BC6006F4AC7 /* GroupSettingsViewController.swift */,
				9233E51F205440C000146C37 /* JoinPublicGroupViewController.swift */,
				921BEE991FCE0A1F00EE9A78 /* SignUpViewController.swift */,
				92B1A00C1FD5BA9A0009E316 /* HomeViewController.swift */,
				92D19E30201E3D6F00BB24EA /* PrivateGroupViewController.swift */,
				92B1A01B1FD70A7D0009E316 /* InvitesViewController.swift */,
				92B1A0101FD5C38B0009E316 /* ProfileViewController.swift */,
			);
			path = Controllers;
			sourceTree = "<group>";
		};
		92E6B11B206D6AC300C4D0EE /* Services */ = {
			isa = PBXGroup;
			children = (
				92E8D895201BBAC2004A4F94 /* KeyChain.swift */,
			);
			path = Services;
			sourceTree = "<group>";
		};
		92E6B11C206D6B3100C4D0EE /* CollectionCells */ = {
			isa = PBXGroup;
			children = (
				92D19E32201E43D800BB24EA /* PrivateGroupCollectionViewCell.swift */,
				923794782054204F0085C1F5 /* PublicGroupCollectionViewCell.swift */,
				9267FAC7204EF94400C58BB1 /* InvitesCollectionCell.swift */,
				92627D9320445C3D006F4AC7 /* UsersCollectionViewCell.swift */,
			);
			path = CollectionCells;
			sourceTree = "<group>";
		};
/* End PBXGroup section */

/* Begin PBXNativeTarget section */
		9205CDDA1FCDB0B2008F6466 /* GroupSync_iosClient */ = {
			isa = PBXNativeTarget;
			buildConfigurationList = 9205CE031FCDB0B2008F6466 /* Build configuration list for PBXNativeTarget "GroupSync_iosClient" */;
			buildPhases = (
				39F71C702DDE3397FD8BC135 /* [CP] Check Pods Manifest.lock */,
				9205CDD71FCDB0B2008F6466 /* Sources */,
				9205CDD81FCDB0B2008F6466 /* Frameworks */,
				9205CDD91FCDB0B2008F6466 /* Resources */,
				5F7B1D4CA4814E354442A5D6 /* [CP] Embed Pods Frameworks */,
				1D2502E6B4713A6EDCD4003D /* [CP] Copy Pods Resources */,
			);
			buildRules = (
			);
			dependencies = (
			);
			name = GroupSync_iosClient;
			productName = GroupSync_iosClient;
			productReference = 9205CDDB1FCDB0B2008F6466 /* GroupSync_iosClient.app */;
			productType = "com.apple.product-type.application";
		};
		9205CDEE1FCDB0B2008F6466 /* GroupSync_iosClientTests */ = {
			isa = PBXNativeTarget;
			buildConfigurationList = 9205CE061FCDB0B2008F6466 /* Build configuration list for PBXNativeTarget "GroupSync_iosClientTests" */;
			buildPhases = (
				4FBE13850EA0F3D2088B344D /* [CP] Check Pods Manifest.lock */,
				9205CDEB1FCDB0B2008F6466 /* Sources */,
				9205CDEC1FCDB0B2008F6466 /* Frameworks */,
				9205CDED1FCDB0B2008F6466 /* Resources */,
				127C148222DFF30D9A3A0F89 /* [CP] Embed Pods Frameworks */,
				3304526DD881BA9FDA7E6725 /* [CP] Copy Pods Resources */,
			);
			buildRules = (
			);
			dependencies = (
				9205CDF11FCDB0B2008F6466 /* PBXTargetDependency */,
			);
			name = GroupSync_iosClientTests;
			productName = GroupSync_iosClientTests;
			productReference = 9205CDEF1FCDB0B2008F6466 /* GroupSync_iosClientTests.xctest */;
			productType = "com.apple.product-type.bundle.unit-test";
		};
		9205CDF91FCDB0B2008F6466 /* GroupSync_iosClientUITests */ = {
			isa = PBXNativeTarget;
			buildConfigurationList = 9205CE091FCDB0B2008F6466 /* Build configuration list for PBXNativeTarget "GroupSync_iosClientUITests" */;
			buildPhases = (
				E707553A8F6D2C3160E0E610 /* [CP] Check Pods Manifest.lock */,
				9205CDF61FCDB0B2008F6466 /* Sources */,
				9205CDF71FCDB0B2008F6466 /* Frameworks */,
				9205CDF81FCDB0B2008F6466 /* Resources */,
				C95A191BD63CD02350E7854D /* [CP] Embed Pods Frameworks */,
				CF48702A6DD7D54653F58196 /* [CP] Copy Pods Resources */,
			);
			buildRules = (
			);
			dependencies = (
				9205CDFC1FCDB0B2008F6466 /* PBXTargetDependency */,
			);
			name = GroupSync_iosClientUITests;
			productName = GroupSync_iosClientUITests;
			productReference = 9205CDFA1FCDB0B2008F6466 /* GroupSync_iosClientUITests.xctest */;
			productType = "com.apple.product-type.bundle.ui-testing";
		};
/* End PBXNativeTarget section */

/* Begin PBXProject section */
		9205CDD31FCDB0B2008F6466 /* Project object */ = {
			isa = PBXProject;
			attributes = {
				LastSwiftUpdateCheck = 0900;
				LastUpgradeCheck = 0900;
				ORGANIZATIONNAME = EmberBrennan;
				TargetAttributes = {
					9205CDDA1FCDB0B2008F6466 = {
						CreatedOnToolsVersion = 9.0;
						LastSwiftMigration = 0910;
						ProvisioningStyle = Automatic;
						SystemCapabilities = {
							com.apple.Push = {
								enabled = 1;
							};
						};
					};
					9205CDEE1FCDB0B2008F6466 = {
						CreatedOnToolsVersion = 9.0;
						ProvisioningStyle = Manual;
						TestTargetID = 9205CDDA1FCDB0B2008F6466;
					};
					9205CDF91FCDB0B2008F6466 = {
						CreatedOnToolsVersion = 9.0;
						ProvisioningStyle = Manual;
						TestTargetID = 9205CDDA1FCDB0B2008F6466;
					};
				};
			};
			buildConfigurationList = 9205CDD61FCDB0B2008F6466 /* Build configuration list for PBXProject "GroupSync_iosClient" */;
			compatibilityVersion = "Xcode 8.0";
			developmentRegion = en;
			hasScannedForEncodings = 0;
			knownRegions = (
				en,
				Base,
			);
			mainGroup = 9205CDD21FCDB0B2008F6466;
			productRefGroup = 9205CDDC1FCDB0B2008F6466 /* Products */;
			projectDirPath = "";
			projectRoot = "";
			targets = (
				9205CDDA1FCDB0B2008F6466 /* GroupSync_iosClient */,
				9205CDEE1FCDB0B2008F6466 /* GroupSync_iosClientTests */,
				9205CDF91FCDB0B2008F6466 /* GroupSync_iosClientUITests */,
			);
		};
/* End PBXProject section */

/* Begin PBXResourcesBuildPhase section */
		9205CDD91FCDB0B2008F6466 /* Resources */ = {
			isa = PBXResourcesBuildPhase;
			buildActionMask = 2147483647;
			files = (
				92F622E4206C223600A96845 /* GoogleService-Info.plist in Resources */,
				9205CDE91FCDB0B2008F6466 /* LaunchScreen.storyboard in Resources */,
				9205CDE61FCDB0B2008F6466 /* Assets.xcassets in Resources */,
				9205CDE41FCDB0B2008F6466 /* Main.storyboard in Resources */,
			);
			runOnlyForDeploymentPostprocessing = 0;
		};
		9205CDED1FCDB0B2008F6466 /* Resources */ = {
			isa = PBXResourcesBuildPhase;
			buildActionMask = 2147483647;
			files = (
			);
			runOnlyForDeploymentPostprocessing = 0;
		};
		9205CDF81FCDB0B2008F6466 /* Resources */ = {
			isa = PBXResourcesBuildPhase;
			buildActionMask = 2147483647;
			files = (
			);
			runOnlyForDeploymentPostprocessing = 0;
		};
/* End PBXResourcesBuildPhase section */

/* Begin PBXShellScriptBuildPhase section */
		127C148222DFF30D9A3A0F89 /* [CP] Embed Pods Frameworks */ = {
			isa = PBXShellScriptBuildPhase;
			buildActionMask = 2147483647;
			files = (
			);
			inputPaths = (
				"${SRCROOT}/Pods/Target Support Files/Pods-GroupSync_iosClientTests/Pods-GroupSync_iosClientTests-frameworks.sh",
				"${BUILT_PRODUCTS_DIR}/AWSCore-iOS11.0/AWSCore.framework",
				"${BUILT_PRODUCTS_DIR}/AWSS3-iOS11.0/AWSS3.framework",
				"${BUILT_PRODUCTS_DIR}/GoogleToolboxForMac-iOS11.0/GoogleToolboxForMac.framework",
				"${BUILT_PRODUCTS_DIR}/Protobuf-iOS11.0/Protobuf.framework",
				"${BUILT_PRODUCTS_DIR}/nanopb-iOS11.0/nanopb.framework",
			);
			name = "[CP] Embed Pods Frameworks";
			outputPaths = (
				"${TARGET_BUILD_DIR}/${FRAMEWORKS_FOLDER_PATH}/AWSCore.framework",
				"${TARGET_BUILD_DIR}/${FRAMEWORKS_FOLDER_PATH}/AWSS3.framework",
				"${TARGET_BUILD_DIR}/${FRAMEWORKS_FOLDER_PATH}/GoogleToolboxForMac.framework",
				"${TARGET_BUILD_DIR}/${FRAMEWORKS_FOLDER_PATH}/Protobuf.framework",
				"${TARGET_BUILD_DIR}/${FRAMEWORKS_FOLDER_PATH}/nanopb.framework",
			);
			runOnlyForDeploymentPostprocessing = 0;
			shellPath = /bin/sh;
			shellScript = "\"${SRCROOT}/Pods/Target Support Files/Pods-GroupSync_iosClientTests/Pods-GroupSync_iosClientTests-frameworks.sh\"\n";
			showEnvVarsInLog = 0;
		};
		1D2502E6B4713A6EDCD4003D /* [CP] Copy Pods Resources */ = {
			isa = PBXShellScriptBuildPhase;
			buildActionMask = 2147483647;
			files = (
			);
			inputPaths = (
			);
			name = "[CP] Copy Pods Resources";
			outputPaths = (
			);
			runOnlyForDeploymentPostprocessing = 0;
			shellPath = /bin/sh;
			shellScript = "\"${SRCROOT}/Pods/Target Support Files/Pods-GroupSync_iosClient/Pods-GroupSync_iosClient-resources.sh\"\n";
			showEnvVarsInLog = 0;
		};
		3304526DD881BA9FDA7E6725 /* [CP] Copy Pods Resources */ = {
			isa = PBXShellScriptBuildPhase;
			buildActionMask = 2147483647;
			files = (
			);
			inputPaths = (
			);
			name = "[CP] Copy Pods Resources";
			outputPaths = (
			);
			runOnlyForDeploymentPostprocessing = 0;
			shellPath = /bin/sh;
			shellScript = "\"${SRCROOT}/Pods/Target Support Files/Pods-GroupSync_iosClientTests/Pods-GroupSync_iosClientTests-resources.sh\"\n";
			showEnvVarsInLog = 0;
		};
		39F71C702DDE3397FD8BC135 /* [CP] Check Pods Manifest.lock */ = {
			isa = PBXShellScriptBuildPhase;
			buildActionMask = 2147483647;
			files = (
			);
			inputPaths = (
				"${PODS_PODFILE_DIR_PATH}/Podfile.lock",
				"${PODS_ROOT}/Manifest.lock",
			);
			name = "[CP] Check Pods Manifest.lock";
			outputPaths = (
				"$(DERIVED_FILE_DIR)/Pods-GroupSync_iosClient-checkManifestLockResult.txt",
			);
			runOnlyForDeploymentPostprocessing = 0;
			shellPath = /bin/sh;
			shellScript = "diff \"${PODS_PODFILE_DIR_PATH}/Podfile.lock\" \"${PODS_ROOT}/Manifest.lock\" > /dev/null\nif [ $? != 0 ] ; then\n    # print error to STDERR\n    echo \"error: The sandbox is not in sync with the Podfile.lock. Run 'pod install' or update your CocoaPods installation.\" >&2\n    exit 1\nfi\n# This output is used by Xcode 'outputs' to avoid re-running this script phase.\necho \"SUCCESS\" > \"${SCRIPT_OUTPUT_FILE_0}\"\n";
			showEnvVarsInLog = 0;
		};
		4FBE13850EA0F3D2088B344D /* [CP] Check Pods Manifest.lock */ = {
			isa = PBXShellScriptBuildPhase;
			buildActionMask = 2147483647;
			files = (
			);
			inputPaths = (
				"${PODS_PODFILE_DIR_PATH}/Podfile.lock",
				"${PODS_ROOT}/Manifest.lock",
			);
			name = "[CP] Check Pods Manifest.lock";
			outputPaths = (
				"$(DERIVED_FILE_DIR)/Pods-GroupSync_iosClientTests-checkManifestLockResult.txt",
			);
			runOnlyForDeploymentPostprocessing = 0;
			shellPath = /bin/sh;
			shellScript = "diff \"${PODS_PODFILE_DIR_PATH}/Podfile.lock\" \"${PODS_ROOT}/Manifest.lock\" > /dev/null\nif [ $? != 0 ] ; then\n    # print error to STDERR\n    echo \"error: The sandbox is not in sync with the Podfile.lock. Run 'pod install' or update your CocoaPods installation.\" >&2\n    exit 1\nfi\n# This output is used by Xcode 'outputs' to avoid re-running this script phase.\necho \"SUCCESS\" > \"${SCRIPT_OUTPUT_FILE_0}\"\n";
			showEnvVarsInLog = 0;
		};
		5F7B1D4CA4814E354442A5D6 /* [CP] Embed Pods Frameworks */ = {
			isa = PBXShellScriptBuildPhase;
			buildActionMask = 2147483647;
			files = (
			);
			inputPaths = (
				"${SRCROOT}/Pods/Target Support Files/Pods-GroupSync_iosClient/Pods-GroupSync_iosClient-frameworks.sh",
				"${BUILT_PRODUCTS_DIR}/AWSCore-iOS10.3/AWSCore.framework",
				"${BUILT_PRODUCTS_DIR}/AWSS3-iOS10.3/AWSS3.framework",
				"${BUILT_PRODUCTS_DIR}/GoogleToolboxForMac-iOS10.3/GoogleToolboxForMac.framework",
				"${BUILT_PRODUCTS_DIR}/Protobuf-iOS10.3/Protobuf.framework",
				"${BUILT_PRODUCTS_DIR}/nanopb-iOS10.3/nanopb.framework",
			);
			name = "[CP] Embed Pods Frameworks";
			outputPaths = (
				"${TARGET_BUILD_DIR}/${FRAMEWORKS_FOLDER_PATH}/AWSCore.framework",
				"${TARGET_BUILD_DIR}/${FRAMEWORKS_FOLDER_PATH}/AWSS3.framework",
				"${TARGET_BUILD_DIR}/${FRAMEWORKS_FOLDER_PATH}/GoogleToolboxForMac.framework",
				"${TARGET_BUILD_DIR}/${FRAMEWORKS_FOLDER_PATH}/Protobuf.framework",
				"${TARGET_BUILD_DIR}/${FRAMEWORKS_FOLDER_PATH}/nanopb.framework",
			);
			runOnlyForDeploymentPostprocessing = 0;
			shellPath = /bin/sh;
			shellScript = "\"${SRCROOT}/Pods/Target Support Files/Pods-GroupSync_iosClient/Pods-GroupSync_iosClient-frameworks.sh\"\n";
			showEnvVarsInLog = 0;
		};
		C95A191BD63CD02350E7854D /* [CP] Embed Pods Frameworks */ = {
			isa = PBXShellScriptBuildPhase;
			buildActionMask = 2147483647;
			files = (
			);
			inputPaths = (
				"${SRCROOT}/Pods/Target Support Files/Pods-GroupSync_iosClientUITests/Pods-GroupSync_iosClientUITests-frameworks.sh",
				"${BUILT_PRODUCTS_DIR}/AWSCore-iOS11.0/AWSCore.framework",
				"${BUILT_PRODUCTS_DIR}/AWSS3-iOS11.0/AWSS3.framework",
				"${BUILT_PRODUCTS_DIR}/GoogleToolboxForMac-iOS11.0/GoogleToolboxForMac.framework",
				"${BUILT_PRODUCTS_DIR}/Protobuf-iOS11.0/Protobuf.framework",
				"${BUILT_PRODUCTS_DIR}/nanopb-iOS11.0/nanopb.framework",
			);
			name = "[CP] Embed Pods Frameworks";
			outputPaths = (
				"${TARGET_BUILD_DIR}/${FRAMEWORKS_FOLDER_PATH}/AWSCore.framework",
				"${TARGET_BUILD_DIR}/${FRAMEWORKS_FOLDER_PATH}/AWSS3.framework",
				"${TARGET_BUILD_DIR}/${FRAMEWORKS_FOLDER_PATH}/GoogleToolboxForMac.framework",
				"${TARGET_BUILD_DIR}/${FRAMEWORKS_FOLDER_PATH}/Protobuf.framework",
				"${TARGET_BUILD_DIR}/${FRAMEWORKS_FOLDER_PATH}/nanopb.framework",
			);
			runOnlyForDeploymentPostprocessing = 0;
			shellPath = /bin/sh;
			shellScript = "\"${SRCROOT}/Pods/Target Support Files/Pods-GroupSync_iosClientUITests/Pods-GroupSync_iosClientUITests-frameworks.sh\"\n";
			showEnvVarsInLog = 0;
		};
		CF48702A6DD7D54653F58196 /* [CP] Copy Pods Resources */ = {
			isa = PBXShellScriptBuildPhase;
			buildActionMask = 2147483647;
			files = (
			);
			inputPaths = (
			);
			name = "[CP] Copy Pods Resources";
			outputPaths = (
			);
			runOnlyForDeploymentPostprocessing = 0;
			shellPath = /bin/sh;
			shellScript = "\"${SRCROOT}/Pods/Target Support Files/Pods-GroupSync_iosClientUITests/Pods-GroupSync_iosClientUITests-resources.sh\"\n";
			showEnvVarsInLog = 0;
		};
		E707553A8F6D2C3160E0E610 /* [CP] Check Pods Manifest.lock */ = {
			isa = PBXShellScriptBuildPhase;
			buildActionMask = 2147483647;
			files = (
			);
			inputPaths = (
				"${PODS_PODFILE_DIR_PATH}/Podfile.lock",
				"${PODS_ROOT}/Manifest.lock",
			);
			name = "[CP] Check Pods Manifest.lock";
			outputPaths = (
				"$(DERIVED_FILE_DIR)/Pods-GroupSync_iosClientUITests-checkManifestLockResult.txt",
			);
			runOnlyForDeploymentPostprocessing = 0;
			shellPath = /bin/sh;
			shellScript = "diff \"${PODS_PODFILE_DIR_PATH}/Podfile.lock\" \"${PODS_ROOT}/Manifest.lock\" > /dev/null\nif [ $? != 0 ] ; then\n    # print error to STDERR\n    echo \"error: The sandbox is not in sync with the Podfile.lock. Run 'pod install' or update your CocoaPods installation.\" >&2\n    exit 1\nfi\n# This output is used by Xcode 'outputs' to avoid re-running this script phase.\necho \"SUCCESS\" > \"${SCRIPT_OUTPUT_FILE_0}\"\n";
			showEnvVarsInLog = 0;
		};
/* End PBXShellScriptBuildPhase section */

/* Begin PBXSourcesBuildPhase section */
		9205CDD71FCDB0B2008F6466 /* Sources */ = {
			isa = PBXSourcesBuildPhase;
			buildActionMask = 2147483647;
			files = (
				923794792054204F0085C1F5 /* PublicGroupCollectionViewCell.swift in Sources */,
				9237947B205420CB0085C1F5 /* GroupModel.swift in Sources */,
				92D19E33201E43D800BB24EA /* PrivateGroupCollectionViewCell.swift in Sources */,
				92CC0CE5203F727B00D9ED46 /* GetGroupUsers.swift in Sources */,
				92D185B320348A06005D209E /* GetUsers.swift in Sources */,
				92E8D896201BBAC2004A4F94 /* KeyChain.swift in Sources */,
				9267FAC8204EF94400C58BB1 /* InvitesCollectionCell.swift in Sources */,
				921C4FDE1FD8AC3D00C8A79C /* PopUpSettings.swift in Sources */,
				921BEE9A1FCE0A1F00EE9A78 /* SignUpViewController.swift in Sources */,
				92627D9120445BC7006F4AC7 /* GroupSettingsViewController.swift in Sources */,
				92D19E31201E3D6F00BB24EA /* PrivateGroupViewController.swift in Sources */,
				920CD5EA1FCDC7BE00349451 /* LoginViewController.swift in Sources */,
				9233E5222054762A00146C37 /* GroupInformationModel.swift in Sources */,
				92627D9420445C3D006F4AC7 /* UsersCollectionViewCell.swift in Sources */,
				92D19E372020F62B00BB24EA /* CreateGroupViewController.swift in Sources */,
				92709486206D8C6B00D5DB02 /* ViewController.swift in Sources */,
				923794772054203E0085C1F5 /* PublicGroupViewController.swift in Sources */,
				92B1A0111FD5C38B0009E316 /* ProfileViewController.swift in Sources */,
				92B1A00D1FD5BA9A0009E316 /* HomeViewController.swift in Sources */,
				9249E37D204F0B090007FFC4 /* RequestModel.swift in Sources */,
				92EAA6ED204489EE0097AFA3 /* GroupSettingsModel.swift in Sources */,
				9221428E206D73ED003AA27D /* LoginModel.swift in Sources */,
				9233E520205440C000146C37 /* JoinPublicGroupViewController.swift in Sources */,
				92C6098E206BDFD100D97B14 /* EditProfileModel.swift in Sources */,
				92D19E392020F63C00BB24EA /* CreateGroupModel.swift in Sources */,
				922C9A2520222BF000539837 /* ActiveTimeModel.swift in Sources */,
				92D185B120334416005D209E /* SendLocation.swift in Sources */,
				9205CDDF1FCDB0B2008F6466 /* AppDelegate.swift in Sources */,
				92D185AF203343E7005D209E /* MapViewModel.swift in Sources */,
				922C9A232022202100539837 /* AlertModel.swift in Sources */,
				92214292206D7F3E003AA27D /* SignUpModel.swift in Sources */,
				92B1A01C1FD70A7D0009E316 /* InvitesViewController.swift in Sources */,
				9229EA1A202F67A5001FC6A7 /* MapViewController.swift in Sources */,
			);
			runOnlyForDeploymentPostprocessing = 0;
		};
		9205CDEB1FCDB0B2008F6466 /* Sources */ = {
			isa = PBXSourcesBuildPhase;
			buildActionMask = 2147483647;
			files = (
				9205CDF41FCDB0B2008F6466 /* GroupSync_iosClientTests.swift in Sources */,
			);
			runOnlyForDeploymentPostprocessing = 0;
		};
		9205CDF61FCDB0B2008F6466 /* Sources */ = {
			isa = PBXSourcesBuildPhase;
			buildActionMask = 2147483647;
			files = (
				9205CDFF1FCDB0B2008F6466 /* GroupSync_iosClientUITests.swift in Sources */,
			);
			runOnlyForDeploymentPostprocessing = 0;
		};
/* End PBXSourcesBuildPhase section */

/* Begin PBXTargetDependency section */
		9205CDF11FCDB0B2008F6466 /* PBXTargetDependency */ = {
			isa = PBXTargetDependency;
			target = 9205CDDA1FCDB0B2008F6466 /* GroupSync_iosClient */;
			targetProxy = 9205CDF01FCDB0B2008F6466 /* PBXContainerItemProxy */;
		};
		9205CDFC1FCDB0B2008F6466 /* PBXTargetDependency */ = {
			isa = PBXTargetDependency;
			target = 9205CDDA1FCDB0B2008F6466 /* GroupSync_iosClient */;
			targetProxy = 9205CDFB1FCDB0B2008F6466 /* PBXContainerItemProxy */;
		};
/* End PBXTargetDependency section */

/* Begin PBXVariantGroup section */
		9205CDE21FCDB0B2008F6466 /* Main.storyboard */ = {
			isa = PBXVariantGroup;
			children = (
				9205CDE31FCDB0B2008F6466 /* Base */,
			);
			name = Main.storyboard;
			sourceTree = "<group>";
		};
		9205CDE71FCDB0B2008F6466 /* LaunchScreen.storyboard */ = {
			isa = PBXVariantGroup;
			children = (
				9205CDE81FCDB0B2008F6466 /* Base */,
			);
			name = LaunchScreen.storyboard;
			sourceTree = "<group>";
		};
/* End PBXVariantGroup section */

/* Begin XCBuildConfiguration section */
		9205CE011FCDB0B2008F6466 /* Debug */ = {
			isa = XCBuildConfiguration;
			buildSettings = {
				ALWAYS_SEARCH_USER_PATHS = NO;
				CLANG_ANALYZER_NONNULL = YES;
				CLANG_ANALYZER_NUMBER_OBJECT_CONVERSION = YES_AGGRESSIVE;
				CLANG_CXX_LANGUAGE_STANDARD = "gnu++14";
				CLANG_CXX_LIBRARY = "libc++";
				CLANG_ENABLE_MODULES = YES;
				CLANG_ENABLE_OBJC_ARC = YES;
				CLANG_WARN_BLOCK_CAPTURE_AUTORELEASING = YES;
				CLANG_WARN_BOOL_CONVERSION = YES;
				CLANG_WARN_COMMA = YES;
				CLANG_WARN_CONSTANT_CONVERSION = YES;
				CLANG_WARN_DIRECT_OBJC_ISA_USAGE = YES_ERROR;
				CLANG_WARN_DOCUMENTATION_COMMENTS = YES;
				CLANG_WARN_EMPTY_BODY = YES;
				CLANG_WARN_ENUM_CONVERSION = YES;
				CLANG_WARN_INFINITE_RECURSION = YES;
				CLANG_WARN_INT_CONVERSION = YES;
				CLANG_WARN_NON_LITERAL_NULL_CONVERSION = YES;
				CLANG_WARN_OBJC_LITERAL_CONVERSION = YES;
				CLANG_WARN_OBJC_ROOT_CLASS = YES_ERROR;
				CLANG_WARN_RANGE_LOOP_ANALYSIS = YES;
				CLANG_WARN_STRICT_PROTOTYPES = YES;
				CLANG_WARN_SUSPICIOUS_MOVE = YES;
				CLANG_WARN_UNGUARDED_AVAILABILITY = YES_AGGRESSIVE;
				CLANG_WARN_UNREACHABLE_CODE = YES;
				CLANG_WARN__DUPLICATE_METHOD_MATCH = YES;
				CODE_SIGN_IDENTITY = "iPhone Developer";
				"CODE_SIGN_IDENTITY[sdk=iphoneos*]" = "iPhone Developer";
				CODE_SIGN_STYLE = Automatic;
				"CODE_SIGN_STYLE[sdk=iphoneos*]" = Automatic;
				COPY_PHASE_STRIP = NO;
				DEBUG_INFORMATION_FORMAT = dwarf;
				ENABLE_BITCODE = NO;
				ENABLE_STRICT_OBJC_MSGSEND = YES;
				ENABLE_TESTABILITY = YES;
				FRAMEWORK_SEARCH_PATHS = "$(inherited)";
				GCC_C_LANGUAGE_STANDARD = gnu11;
				GCC_DYNAMIC_NO_PIC = NO;
				GCC_NO_COMMON_BLOCKS = YES;
				GCC_OPTIMIZATION_LEVEL = 0;
				GCC_PREPROCESSOR_DEFINITIONS = (
					"DEBUG=1",
					"$(inherited)",
				);
				GCC_WARN_64_TO_32_BIT_CONVERSION = YES;
				GCC_WARN_ABOUT_RETURN_TYPE = YES_ERROR;
				GCC_WARN_UNDECLARED_SELECTOR = YES;
				GCC_WARN_UNINITIALIZED_AUTOS = YES_AGGRESSIVE;
				GCC_WARN_UNUSED_FUNCTION = YES;
				GCC_WARN_UNUSED_VARIABLE = YES;
				IPHONEOS_DEPLOYMENT_TARGET = 11.0;
				MTL_ENABLE_DEBUG_INFO = YES;
				ONLY_ACTIVE_ARCH = YES;
				SDKROOT = iphoneos;
				SWIFT_ACTIVE_COMPILATION_CONDITIONS = DEBUG;
				SWIFT_OPTIMIZATION_LEVEL = "-Onone";
			};
			name = Debug;
		};
		9205CE021FCDB0B2008F6466 /* Release */ = {
			isa = XCBuildConfiguration;
			buildSettings = {
				ALWAYS_SEARCH_USER_PATHS = NO;
				CLANG_ANALYZER_NONNULL = YES;
				CLANG_ANALYZER_NUMBER_OBJECT_CONVERSION = YES_AGGRESSIVE;
				CLANG_CXX_LANGUAGE_STANDARD = "gnu++14";
				CLANG_CXX_LIBRARY = "libc++";
				CLANG_ENABLE_MODULES = YES;
				CLANG_ENABLE_OBJC_ARC = YES;
				CLANG_WARN_BLOCK_CAPTURE_AUTORELEASING = YES;
				CLANG_WARN_BOOL_CONVERSION = YES;
				CLANG_WARN_COMMA = YES;
				CLANG_WARN_CONSTANT_CONVERSION = YES;
				CLANG_WARN_DIRECT_OBJC_ISA_USAGE = YES_ERROR;
				CLANG_WARN_DOCUMENTATION_COMMENTS = YES;
				CLANG_WARN_EMPTY_BODY = YES;
				CLANG_WARN_ENUM_CONVERSION = YES;
				CLANG_WARN_INFINITE_RECURSION = YES;
				CLANG_WARN_INT_CONVERSION = YES;
				CLANG_WARN_NON_LITERAL_NULL_CONVERSION = YES;
				CLANG_WARN_OBJC_LITERAL_CONVERSION = YES;
				CLANG_WARN_OBJC_ROOT_CLASS = YES_ERROR;
				CLANG_WARN_RANGE_LOOP_ANALYSIS = YES;
				CLANG_WARN_STRICT_PROTOTYPES = YES;
				CLANG_WARN_SUSPICIOUS_MOVE = YES;
				CLANG_WARN_UNGUARDED_AVAILABILITY = YES_AGGRESSIVE;
				CLANG_WARN_UNREACHABLE_CODE = YES;
				CLANG_WARN__DUPLICATE_METHOD_MATCH = YES;
				CODE_SIGN_IDENTITY = "iPhone Developer";
				"CODE_SIGN_IDENTITY[sdk=iphoneos*]" = "iPhone Developer";
				CODE_SIGN_STYLE = Automatic;
				"CODE_SIGN_STYLE[sdk=iphoneos*]" = Automatic;
				COPY_PHASE_STRIP = NO;
				DEBUG_INFORMATION_FORMAT = "dwarf-with-dsym";
				ENABLE_BITCODE = NO;
				ENABLE_NS_ASSERTIONS = NO;
				ENABLE_STRICT_OBJC_MSGSEND = YES;
				FRAMEWORK_SEARCH_PATHS = "$(inherited)";
				GCC_C_LANGUAGE_STANDARD = gnu11;
				GCC_NO_COMMON_BLOCKS = YES;
				GCC_WARN_64_TO_32_BIT_CONVERSION = YES;
				GCC_WARN_ABOUT_RETURN_TYPE = YES_ERROR;
				GCC_WARN_UNDECLARED_SELECTOR = YES;
				GCC_WARN_UNINITIALIZED_AUTOS = YES_AGGRESSIVE;
				GCC_WARN_UNUSED_FUNCTION = YES;
				GCC_WARN_UNUSED_VARIABLE = YES;
				IPHONEOS_DEPLOYMENT_TARGET = 11.0;
				MTL_ENABLE_DEBUG_INFO = NO;
				SDKROOT = iphoneos;
				SWIFT_OPTIMIZATION_LEVEL = "-Owholemodule";
				VALIDATE_PRODUCT = YES;
			};
			name = Release;
		};
		9205CE041FCDB0B2008F6466 /* Debug */ = {
			isa = XCBuildConfiguration;
			baseConfigurationReference = 1DFCAC01D2C1923192414476 /* Pods-GroupSync_iosClient.debug.xcconfig */;
			buildSettings = {
				ASSETCATALOG_COMPILER_APPICON_NAME = AppIcon;
				CLANG_ENABLE_MODULES = YES;
				CODE_SIGN_ENTITLEMENTS = GroupSync_iosClient/GroupSync_iosClient.entitlements;
				CODE_SIGN_IDENTITY = "iPhone Developer";
				"CODE_SIGN_IDENTITY[sdk=iphoneos*]" = "iPhone Developer";
				CODE_SIGN_STYLE = Automatic;
				DEVELOPMENT_TEAM = S259N8W97X;
				FRAMEWORK_SEARCH_PATHS = "$(inherited)";
				INFOPLIST_FILE = GroupSync_iosClient/Info.plist;
				IPHONEOS_DEPLOYMENT_TARGET = 10.3;
				LD_RUNPATH_SEARCH_PATHS = "$(inherited) @executable_path/Frameworks";
				NEW_SETTING = "platform :ios, '9.0'\ntarget :'YourAppTarget' do\n    use_frameworks!\n    pod 'AWSMobileClient', '~> 2.6.6'\n    # other pods\nend";
				PRODUCT_BUNDLE_IDENTIFIER = "emberbrennan.GroupSync-iosClient";
				PRODUCT_NAME = "$(TARGET_NAME)";
				PROVISIONING_PROFILE_SPECIFIER = "";
				SWIFT_OBJC_BRIDGING_HEADER = "";
				SWIFT_OPTIMIZATION_LEVEL = "-Onone";
				SWIFT_VERSION = 4.0;
				TARGETED_DEVICE_FAMILY = "1,2";
			};
			name = Debug;
		};
		9205CE051FCDB0B2008F6466 /* Release */ = {
			isa = XCBuildConfiguration;
			baseConfigurationReference = 0CD3E934C2AD50631A648FD7 /* Pods-GroupSync_iosClient.release.xcconfig */;
			buildSettings = {
				ASSETCATALOG_COMPILER_APPICON_NAME = AppIcon;
				CLANG_ENABLE_MODULES = YES;
				CODE_SIGN_ENTITLEMENTS = GroupSync_iosClient/GroupSync_iosClient.entitlements;
				CODE_SIGN_IDENTITY = "iPhone Distribution";
				"CODE_SIGN_IDENTITY[sdk=iphoneos*]" = "iPhone Developer";
				CODE_SIGN_STYLE = Automatic;
				DEVELOPMENT_TEAM = S259N8W97X;
				FRAMEWORK_SEARCH_PATHS = "$(inherited)";
				INFOPLIST_FILE = GroupSync_iosClient/Info.plist;
				IPHONEOS_DEPLOYMENT_TARGET = 10.3;
				LD_RUNPATH_SEARCH_PATHS = "$(inherited) @executable_path/Frameworks";
				NEW_SETTING = "platform :ios, '9.0'\ntarget :'YourAppTarget' do\n    use_frameworks!\n    pod 'AWSMobileClient', '~> 2.6.6'\n    # other pods\nend";
				PRODUCT_BUNDLE_IDENTIFIER = "emberbrennan.GroupSync-iosClient";
				PRODUCT_NAME = "$(TARGET_NAME)";
				PROVISIONING_PROFILE_SPECIFIER = "";
				SWIFT_OBJC_BRIDGING_HEADER = "";
				SWIFT_VERSION = 4.0;
				TARGETED_DEVICE_FAMILY = "1,2";
			};
			name = Release;
		};
		9205CE071FCDB0B2008F6466 /* Debug */ = {
			isa = XCBuildConfiguration;
			baseConfigurationReference = 590429D7B9115A58997B023C /* Pods-GroupSync_iosClientTests.debug.xcconfig */;
			buildSettings = {
				ALWAYS_EMBED_SWIFT_STANDARD_LIBRARIES = YES;
				BUNDLE_LOADER = "$(TEST_HOST)";
				CODE_SIGN_STYLE = Manual;
				DEVELOPMENT_TEAM = EKF3UTYQR8;
				HEADER_SEARCH_PATHS = (
					"${PODS_ROOT}/Firebase/Core/Sources",
					"\"${PODS_ROOT}/Headers/Public/FirebaseCore\"",
					"\"${PODS_ROOT}/Headers/Public/Firebase\"",
					"\"${PODS_ROOT}/Headers/Public/FirebaseAnalytics\"",
				);
				INFOPLIST_FILE = GroupSync_iosClientTests/Info.plist;
				LD_RUNPATH_SEARCH_PATHS = "$(inherited) @executable_path/Frameworks @loader_path/Frameworks";
				PRODUCT_BUNDLE_IDENTIFIER = "Ember.GroupSync-iosClientTests";
				PRODUCT_NAME = "$(TARGET_NAME)";
				SWIFT_VERSION = 4.0;
				TARGETED_DEVICE_FAMILY = "1,2";
				TEST_HOST = "$(BUILT_PRODUCTS_DIR)/GroupSync_iosClient.app/GroupSync_iosClient";
			};
			name = Debug;
		};
		9205CE081FCDB0B2008F6466 /* Release */ = {
			isa = XCBuildConfiguration;
			baseConfigurationReference = 7EDF5E05D87183945EEC4C9F /* Pods-GroupSync_iosClientTests.release.xcconfig */;
			buildSettings = {
				ALWAYS_EMBED_SWIFT_STANDARD_LIBRARIES = YES;
				BUNDLE_LOADER = "$(TEST_HOST)";
				CODE_SIGN_STYLE = Manual;
				DEVELOPMENT_TEAM = EKF3UTYQR8;
				HEADER_SEARCH_PATHS = (
					"${PODS_ROOT}/Firebase/Core/Sources",
					"\"${PODS_ROOT}/Headers/Public/FirebaseCore\"",
					"\"${PODS_ROOT}/Headers/Public/Firebase\"",
					"\"${PODS_ROOT}/Headers/Public/FirebaseAnalytics\"",
				);
				INFOPLIST_FILE = GroupSync_iosClientTests/Info.plist;
				LD_RUNPATH_SEARCH_PATHS = "$(inherited) @executable_path/Frameworks @loader_path/Frameworks";
				PRODUCT_BUNDLE_IDENTIFIER = "Ember.GroupSync-iosClientTests";
				PRODUCT_NAME = "$(TARGET_NAME)";
				SWIFT_VERSION = 4.0;
				TARGETED_DEVICE_FAMILY = "1,2";
				TEST_HOST = "$(BUILT_PRODUCTS_DIR)/GroupSync_iosClient.app/GroupSync_iosClient";
			};
			name = Release;
		};
		9205CE0A1FCDB0B2008F6466 /* Debug */ = {
			isa = XCBuildConfiguration;
			baseConfigurationReference = CA8484784013A69C8BECB29E /* Pods-GroupSync_iosClientUITests.debug.xcconfig */;
			buildSettings = {
				ALWAYS_EMBED_SWIFT_STANDARD_LIBRARIES = YES;
				CODE_SIGN_STYLE = Manual;
				DEVELOPMENT_TEAM = EKF3UTYQR8;
				INFOPLIST_FILE = GroupSync_iosClientUITests/Info.plist;
				LD_RUNPATH_SEARCH_PATHS = "$(inherited) @executable_path/Frameworks @loader_path/Frameworks";
				PRODUCT_BUNDLE_IDENTIFIER = "Ember.GroupSync-iosClientUITests";
				PRODUCT_NAME = "$(TARGET_NAME)";
				SWIFT_VERSION = 4.0;
				TARGETED_DEVICE_FAMILY = "1,2";
				TEST_TARGET_NAME = GroupSync_iosClient;
			};
			name = Debug;
		};
		9205CE0B1FCDB0B2008F6466 /* Release */ = {
			isa = XCBuildConfiguration;
			baseConfigurationReference = 280931C6A9A3FFA46C090A1A /* Pods-GroupSync_iosClientUITests.release.xcconfig */;
			buildSettings = {
				ALWAYS_EMBED_SWIFT_STANDARD_LIBRARIES = YES;
				CODE_SIGN_STYLE = Manual;
				DEVELOPMENT_TEAM = EKF3UTYQR8;
				INFOPLIST_FILE = GroupSync_iosClientUITests/Info.plist;
				LD_RUNPATH_SEARCH_PATHS = "$(inherited) @executable_path/Frameworks @loader_path/Frameworks";
				PRODUCT_BUNDLE_IDENTIFIER = "Ember.GroupSync-iosClientUITests";
				PRODUCT_NAME = "$(TARGET_NAME)";
				SWIFT_VERSION = 4.0;
				TARGETED_DEVICE_FAMILY = "1,2";
				TEST_TARGET_NAME = GroupSync_iosClient;
			};
			name = Release;
		};
/* End XCBuildConfiguration section */

/* Begin XCConfigurationList section */
		9205CDD61FCDB0B2008F6466 /* Build configuration list for PBXProject "GroupSync_iosClient" */ = {
			isa = XCConfigurationList;
			buildConfigurations = (
				9205CE011FCDB0B2008F6466 /* Debug */,
				9205CE021FCDB0B2008F6466 /* Release */,
			);
			defaultConfigurationIsVisible = 0;
			defaultConfigurationName = Release;
		};
		9205CE031FCDB0B2008F6466 /* Build configuration list for PBXNativeTarget "GroupSync_iosClient" */ = {
			isa = XCConfigurationList;
			buildConfigurations = (
				9205CE041FCDB0B2008F6466 /* Debug */,
				9205CE051FCDB0B2008F6466 /* Release */,
			);
			defaultConfigurationIsVisible = 0;
			defaultConfigurationName = Release;
		};
		9205CE061FCDB0B2008F6466 /* Build configuration list for PBXNativeTarget "GroupSync_iosClientTests" */ = {
			isa = XCConfigurationList;
			buildConfigurations = (
				9205CE071FCDB0B2008F6466 /* Debug */,
				9205CE081FCDB0B2008F6466 /* Release */,
			);
			defaultConfigurationIsVisible = 0;
			defaultConfigurationName = Release;
		};
		9205CE091FCDB0B2008F6466 /* Build configuration list for PBXNativeTarget "GroupSync_iosClientUITests" */ = {
			isa = XCConfigurationList;
			buildConfigurations = (
				9205CE0A1FCDB0B2008F6466 /* Debug */,
				9205CE0B1FCDB0B2008F6466 /* Release */,
			);
			defaultConfigurationIsVisible = 0;
			defaultConfigurationName = Release;
		};
/* End XCConfigurationList section */
	};
	rootObject = 9205CDD31FCDB0B2008F6466 /* Project object */;
}
